// !$*UTF8*$!
{
	archiveVersion = 1;
	classes = {
	};
	objectVersion = 48;
	objects = {

/* Begin PBXBuildFile section */
		EF17CAD61F7BE72600E938AC /* NetworkProcessor.swift in Sources */ = {isa = PBXBuildFile; fileRef = EF17CAD51F7BE72600E938AC /* NetworkProcessor.swift */; };
		EF17CADD1F7C02BA00E938AC /* FlightNetworkProcessor.swift in Sources */ = {isa = PBXBuildFile; fileRef = EF17CADC1F7C02BA00E938AC /* FlightNetworkProcessor.swift */; };
		EF17CADF1F7C02D800E938AC /* CarNetworkProcessor.swift in Sources */ = {isa = PBXBuildFile; fileRef = EF17CADE1F7C02D800E938AC /* CarNetworkProcessor.swift */; };
		EF17CAE11F7C02EA00E938AC /* HotelNetworkProcessor.swift in Sources */ = {isa = PBXBuildFile; fileRef = EF17CAE01F7C02EA00E938AC /* HotelNetworkProcessor.swift */; };
		EF17CAE31F7C030E00E938AC /* PointsOfInterestNetworkProcessor.swift in Sources */ = {isa = PBXBuildFile; fileRef = EF17CAE21F7C030E00E938AC /* PointsOfInterestNetworkProcessor.swift */; };
		EF53C97A1F795F35009A1DB8 /* AppDelegate.swift in Sources */ = {isa = PBXBuildFile; fileRef = EF53C9791F795F35009A1DB8 /* AppDelegate.swift */; };
		EF53C97C1F795F35009A1DB8 /* ViewController.swift in Sources */ = {isa = PBXBuildFile; fileRef = EF53C97B1F795F35009A1DB8 /* ViewController.swift */; };
		EF53C97F1F795F35009A1DB8 /* Main.storyboard in Resources */ = {isa = PBXBuildFile; fileRef = EF53C97D1F795F35009A1DB8 /* Main.storyboard */; };
		EF53C9811F795F35009A1DB8 /* Assets.xcassets in Resources */ = {isa = PBXBuildFile; fileRef = EF53C9801F795F35009A1DB8 /* Assets.xcassets */; };
		EF53C9841F795F35009A1DB8 /* LaunchScreen.storyboard in Resources */ = {isa = PBXBuildFile; fileRef = EF53C9821F795F35009A1DB8 /* LaunchScreen.storyboard */; };
/* End PBXBuildFile section */

/* Begin PBXFileReference section */
		EF17CAD51F7BE72600E938AC /* NetworkProcessor.swift */ = {isa = PBXFileReference; lastKnownFileType = sourcecode.swift; path = NetworkProcessor.swift; sourceTree = "<group>"; };
		EF17CADC1F7C02BA00E938AC /* FlightNetworkProcessor.swift */ = {isa = PBXFileReference; lastKnownFileType = sourcecode.swift; path = FlightNetworkProcessor.swift; sourceTree = "<group>"; };
		EF17CADE1F7C02D800E938AC /* CarNetworkProcessor.swift */ = {isa = PBXFileReference; lastKnownFileType = sourcecode.swift; path = CarNetworkProcessor.swift; sourceTree = "<group>"; };
		EF17CAE01F7C02EA00E938AC /* HotelNetworkProcessor.swift */ = {isa = PBXFileReference; lastKnownFileType = sourcecode.swift; path = HotelNetworkProcessor.swift; sourceTree = "<group>"; };
		EF17CAE21F7C030E00E938AC /* PointsOfInterestNetworkProcessor.swift */ = {isa = PBXFileReference; lastKnownFileType = sourcecode.swift; path = PointsOfInterestNetworkProcessor.swift; sourceTree = "<group>"; };
		EF53C9761F795F35009A1DB8 /* Travelisto.app */ = {isa = PBXFileReference; explicitFileType = wrapper.application; includeInIndex = 0; path = Travelisto.app; sourceTree = BUILT_PRODUCTS_DIR; };
		EF53C9791F795F35009A1DB8 /* AppDelegate.swift */ = {isa = PBXFileReference; lastKnownFileType = sourcecode.swift; path = AppDelegate.swift; sourceTree = "<group>"; };
		EF53C97B1F795F35009A1DB8 /* ViewController.swift */ = {isa = PBXFileReference; lastKnownFileType = sourcecode.swift; path = ViewController.swift; sourceTree = "<group>"; };
		EF53C97E1F795F35009A1DB8 /* Base */ = {isa = PBXFileReference; lastKnownFileType = file.storyboard; name = Base; path = Base.lproj/Main.storyboard; sourceTree = "<group>"; };
		EF53C9801F795F35009A1DB8 /* Assets.xcassets */ = {isa = PBXFileReference; lastKnownFileType = folder.assetcatalog; path = Assets.xcassets; sourceTree = "<group>"; };
		EF53C9831F795F35009A1DB8 /* Base */ = {isa = PBXFileReference; lastKnownFileType = file.storyboard; name = Base; path = Base.lproj/LaunchScreen.storyboard; sourceTree = "<group>"; };
		EF53C9851F795F35009A1DB8 /* Info.plist */ = {isa = PBXFileReference; lastKnownFileType = text.plist.xml; path = Info.plist; sourceTree = "<group>"; };
/* End PBXFileReference section */

/* Begin PBXFrameworksBuildPhase section */
		EF53C9731F795F35009A1DB8 /* Frameworks */ = {
			isa = PBXFrameworksBuildPhase;
			buildActionMask = 2147483647;
			files = (
			);
			runOnlyForDeploymentPostprocessing = 0;
		};
/* End PBXFrameworksBuildPhase section */

/* Begin PBXGroup section */
		EF17CAD11F7BE6CD00E938AC /* Models */ = {
			isa = PBXGroup;
			children = (
				EF17CADB1F7BFF5A00E938AC /* Error */,
				EF17CAD31F7BE6E600E938AC /* Firebase */,
				EF17CAD21F7BE6DA00E938AC /* API */,
			);
			path = Models;
			sourceTree = "<group>";
		};
		EF17CAD21F7BE6DA00E938AC /* API */ = {
			isa = PBXGroup;
			children = (
				EF17CADA1F7BFE4700E938AC /* POI */,
				EF17CAD91F7BFE3F00E938AC /* Car */,
				EF17CAD81F7BFE3700E938AC /* Hotel */,
				EF17CAD71F7BFE2800E938AC /* Flight */,
			);
			path = API;
			sourceTree = "<group>";
		};
		EF17CAD31F7BE6E600E938AC /* Firebase */ = {
			isa = PBXGroup;
			children = (
			);
			path = Firebase;
			sourceTree = "<group>";
		};
		EF17CAD41F7BE6F600E938AC /* Network */ = {
			isa = PBXGroup;
			children = (
				EF17CAE61F7C036700E938AC /* Services */,
				EF17CAE41F7C033700E938AC /* Network Processors */,
			);
			path = Network;
			sourceTree = "<group>";
		};
		EF17CAD71F7BFE2800E938AC /* Flight */ = {
			isa = PBXGroup;
			children = (
			);
			path = Flight;
			sourceTree = "<group>";
		};
		EF17CAD81F7BFE3700E938AC /* Hotel */ = {
			isa = PBXGroup;
			children = (
			);
			path = Hotel;
			sourceTree = "<group>";
		};
		EF17CAD91F7BFE3F00E938AC /* Car */ = {
			isa = PBXGroup;
			children = (
			);
			path = Car;
			sourceTree = "<group>";
		};
		EF17CADA1F7BFE4700E938AC /* POI */ = {
			isa = PBXGroup;
			children = (
			);
			path = POI;
			sourceTree = "<group>";
		};
		EF17CADB1F7BFF5A00E938AC /* Error */ = {
			isa = PBXGroup;
			children = (
			);
			path = Error;
			sourceTree = "<group>";
		};
		EF17CAE41F7C033700E938AC /* Network Processors */ = {
			isa = PBXGroup;
			children = (
				EF17CAD51F7BE72600E938AC /* NetworkProcessor.swift */,
				EF17CADC1F7C02BA00E938AC /* FlightNetworkProcessor.swift */,
				EF17CADE1F7C02D800E938AC /* CarNetworkProcessor.swift */,
				EF17CAE01F7C02EA00E938AC /* HotelNetworkProcessor.swift */,
				EF17CAE21F7C030E00E938AC /* PointsOfInterestNetworkProcessor.swift */,
			);
			path = "Network Processors";
			sourceTree = "<group>";
		};
		EF17CAE61F7C036700E938AC /* Services */ = {
			isa = PBXGroup;
			children = (
			);
			path = Services;
			sourceTree = "<group>";
		};
		EF53C96D1F795F35009A1DB8 = {
			isa = PBXGroup;
			children = (
				EF53C9781F795F35009A1DB8 /* Travelisto */,
				EF53C9771F795F35009A1DB8 /* Products */,
			);
			sourceTree = "<group>";
		};
		EF53C9771F795F35009A1DB8 /* Products */ = {
			isa = PBXGroup;
			children = (
				EF53C9761F795F35009A1DB8 /* Travelisto.app */,
			);
			name = Products;
			sourceTree = "<group>";
		};
		EF53C9781F795F35009A1DB8 /* Travelisto */ = {
			isa = PBXGroup;
			children = (
				EF17CAD41F7BE6F600E938AC /* Network */,
				EF17CAD11F7BE6CD00E938AC /* Models */,
				EF53C9791F795F35009A1DB8 /* AppDelegate.swift */,
				EF53C97B1F795F35009A1DB8 /* ViewController.swift */,
				EF53C97D1F795F35009A1DB8 /* Main.storyboard */,
				EF53C9801F795F35009A1DB8 /* Assets.xcassets */,
				EF53C9821F795F35009A1DB8 /* LaunchScreen.storyboard */,
				EF53C9851F795F35009A1DB8 /* Info.plist */,
			);
			path = Travelisto;
			sourceTree = "<group>";
		};
/* End PBXGroup section */

/* Begin PBXNativeTarget section */
		EF53C9751F795F35009A1DB8 /* Travelisto */ = {
			isa = PBXNativeTarget;
			buildConfigurationList = EF53C9881F795F35009A1DB8 /* Build configuration list for PBXNativeTarget "Travelisto" */;
			buildPhases = (
				EF53C9721F795F35009A1DB8 /* Sources */,
				EF53C9731F795F35009A1DB8 /* Frameworks */,
				EF53C9741F795F35009A1DB8 /* Resources */,
			);
			buildRules = (
			);
			dependencies = (
			);
			name = Travelisto;
			productName = Travelisto;
			productReference = EF53C9761F795F35009A1DB8 /* Travelisto.app */;
			productType = "com.apple.product-type.application";
		};
/* End PBXNativeTarget section */

/* Begin PBXProject section */
		EF53C96E1F795F35009A1DB8 /* Project object */ = {
			isa = PBXProject;
			attributes = {
				LastSwiftUpdateCheck = 0900;
				LastUpgradeCheck = 0900;
				ORGANIZATIONNAME = "Chidi Emeh";
				TargetAttributes = {
					EF53C9751F795F35009A1DB8 = {
						CreatedOnToolsVersion = 9.0;
						ProvisioningStyle = Automatic;
					};
				};
			};
			buildConfigurationList = EF53C9711F795F35009A1DB8 /* Build configuration list for PBXProject "Travelisto" */;
			compatibilityVersion = "Xcode 8.0";
			developmentRegion = en;
			hasScannedForEncodings = 0;
			knownRegions = (
				en,
				Base,
			);
			mainGroup = EF53C96D1F795F35009A1DB8;
			productRefGroup = EF53C9771F795F35009A1DB8 /* Products */;
			projectDirPath = "";
			projectRoot = "";
			targets = (
				EF53C9751F795F35009A1DB8 /* Travelisto */,
			);
		};
/* End PBXProject section */

/* Begin PBXResourcesBuildPhase section */
		EF53C9741F795F35009A1DB8 /* Resources */ = {
			isa = PBXResourcesBuildPhase;
			buildActionMask = 2147483647;
			files = (
				EF53C9841F795F35009A1DB8 /* LaunchScreen.storyboard in Resources */,
				EF53C9811F795F35009A1DB8 /* Assets.xcassets in Resources */,
				EF53C97F1F795F35009A1DB8 /* Main.storyboard in Resources */,
			);
			runOnlyForDeploymentPostprocessing = 0;
		};
/* End PBXResourcesBuildPhase section */

/* Begin PBXSourcesBuildPhase section */
		EF53C9721F795F35009A1DB8 /* Sources */ = {
			isa = PBXSourcesBuildPhase;
			buildActionMask = 2147483647;
			files = (
				EF17CAE11F7C02EA00E938AC /* HotelNetworkProcessor.swift in Sources */,
				EF17CAD61F7BE72600E938AC /* NetworkProcessor.swift in Sources */,
				EF53C97C1F795F35009A1DB8 /* ViewController.swift in Sources */,
				EF17CAE31F7C030E00E938AC /* PointsOfInterestNetworkProcessor.swift in Sources */,
				EF53C97A1F795F35009A1DB8 /* AppDelegate.swift in Sources */,
				EF17CADD1F7C02BA00E938AC /* FlightNetworkProcessor.swift in Sources */,
				EF17CADF1F7C02D800E938AC /* CarNetworkProcessor.swift in Sources */,
			);
			runOnlyForDeploymentPostprocessing = 0;
		};
/* End PBXSourcesBuildPhase section */

/* Begin PBXVariantGroup section */
		EF53C97D1F795F35009A1DB8 /* Main.storyboard */ = {
			isa = PBXVariantGroup;
			children = (
				EF53C97E1F795F35009A1DB8 /* Base */,
			);
			name = Main.storyboard;
			sourceTree = "<group>";
		};
		EF53C9821F795F35009A1DB8 /* LaunchScreen.storyboard */ = {
			isa = PBXVariantGroup;
			children = (
				EF53C9831F795F35009A1DB8 /* Base */,
			);
			name = LaunchScreen.storyboard;
			sourceTree = "<group>";
		};
/* End PBXVariantGroup section */

/* Begin XCBuildConfiguration section */
		EF53C9861F795F35009A1DB8 /* Debug */ = {
			isa = XCBuildConfiguration;
			buildSettings = {
				ALWAYS_SEARCH_USER_PATHS = NO;
				CLANG_ANALYZER_NONNULL = YES;
				CLANG_ANALYZER_NUMBER_OBJECT_CONVERSION = YES_AGGRESSIVE;
				CLANG_CXX_LANGUAGE_STANDARD = "gnu++14";
				CLANG_CXX_LIBRARY = "libc++";
				CLANG_ENABLE_MODULES = YES;
				CLANG_ENABLE_OBJC_ARC = YES;
				CLANG_WARN_BLOCK_CAPTURE_AUTORELEASING = YES;
				CLANG_WARN_BOOL_CONVERSION = YES;
				CLANG_WARN_COMMA = YES;
				CLANG_WARN_CONSTANT_CONVERSION = YES;
				CLANG_WARN_DIRECT_OBJC_ISA_USAGE = YES_ERROR;
				CLANG_WARN_DOCUMENTATION_COMMENTS = YES;
				CLANG_WARN_EMPTY_BODY = YES;
				CLANG_WARN_ENUM_CONVERSION = YES;
				CLANG_WARN_INFINITE_RECURSION = YES;
				CLANG_WARN_INT_CONVERSION = YES;
				CLANG_WARN_NON_LITERAL_NULL_CONVERSION = YES;
				CLANG_WARN_OBJC_LITERAL_CONVERSION = YES;
				CLANG_WARN_OBJC_ROOT_CLASS = YES_ERROR;
				CLANG_WARN_RANGE_LOOP_ANALYSIS = YES;
				CLANG_WARN_STRICT_PROTOTYPES = YES;
				CLANG_WARN_SUSPICIOUS_MOVE = YES;
				CLANG_WARN_UNGUARDED_AVAILABILITY = YES_AGGRESSIVE;
				CLANG_WARN_UNREACHABLE_CODE = YES;
				CLANG_WARN__DUPLICATE_METHOD_MATCH = YES;
				CODE_SIGN_IDENTITY = "iPhone Developer";
				COPY_PHASE_STRIP = NO;
				DEBUG_INFORMATION_FORMAT = dwarf;
				ENABLE_STRICT_OBJC_MSGSEND = YES;
				ENABLE_TESTABILITY = YES;
				GCC_C_LANGUAGE_STANDARD = gnu11;
				GCC_DYNAMIC_NO_PIC = NO;
				GCC_NO_COMMON_BLOCKS = YES;
				GCC_OPTIMIZATION_LEVEL = 0;
				GCC_PREPROCESSOR_DEFINITIONS = (
					"DEBUG=1",
					"$(inherited)",
				);
				GCC_WARN_64_TO_32_BIT_CONVERSION = YES;
				GCC_WARN_ABOUT_RETURN_TYPE = YES_ERROR;
				GCC_WARN_UNDECLARED_SELECTOR = YES;
				GCC_WARN_UNINITIALIZED_AUTOS = YES_AGGRESSIVE;
				GCC_WARN_UNUSED_FUNCTION = YES;
				GCC_WARN_UNUSED_VARIABLE = YES;
				IPHONEOS_DEPLOYMENT_TARGET = 11.0;
				MTL_ENABLE_DEBUG_INFO = YES;
				ONLY_ACTIVE_ARCH = YES;
				SDKROOT = iphoneos;
				SWIFT_ACTIVE_COMPILATION_CONDITIONS = DEBUG;
				SWIFT_OPTIMIZATION_LEVEL = "-Onone";
			};
			name = Debug;
		};
		EF53C9871F795F35009A1DB8 /* Release */ = {
			isa = XCBuildConfiguration;
			buildSettings = {
				ALWAYS_SEARCH_USER_PATHS = NO;
				CLANG_ANALYZER_NONNULL = YES;
				CLANG_ANALYZER_NUMBER_OBJECT_CONVERSION = YES_AGGRESSIVE;
				CLANG_CXX_LANGUAGE_STANDARD = "gnu++14";
				CLANG_CXX_LIBRARY = "libc++";
				CLANG_ENABLE_MODULES = YES;
				CLANG_ENABLE_OBJC_ARC = YES;
				CLANG_WARN_BLOCK_CAPTURE_AUTORELEASING = YES;
				CLANG_WARN_BOOL_CONVERSION = YES;
				CLANG_WARN_COMMA = YES;
				CLANG_WARN_CONSTANT_CONVERSION = YES;
				CLANG_WARN_DIRECT_OBJC_ISA_USAGE = YES_ERROR;
				CLANG_WARN_DOCUMENTATION_COMMENTS = YES;
				CLANG_WARN_EMPTY_BODY = YES;
				CLANG_WARN_ENUM_CONVERSION = YES;
				CLANG_WARN_INFINITE_RECURSION = YES;
				CLANG_WARN_INT_CONVERSION = YES;
				CLANG_WARN_NON_LITERAL_NULL_CONVERSION = YES;
				CLANG_WARN_OBJC_LITERAL_CONVERSION = YES;
				CLANG_WARN_OBJC_ROOT_CLASS = YES_ERROR;
				CLANG_WARN_RANGE_LOOP_ANALYSIS = YES;
				CLANG_WARN_STRICT_PROTOTYPES = YES;
				CLANG_WARN_SUSPICIOUS_MOVE = YES;
				CLANG_WARN_UNGUARDED_AVAILABILITY = YES_AGGRESSIVE;
				CLANG_WARN_UNREACHABLE_CODE = YES;
				CLANG_WARN__DUPLICATE_METHOD_MATCH = YES;
				CODE_SIGN_IDENTITY = "iPhone Developer";
				COPY_PHASE_STRIP = NO;
				DEBUG_INFORMATION_FORMAT = "dwarf-with-dsym";
				ENABLE_NS_ASSERTIONS = NO;
				ENABLE_STRICT_OBJC_MSGSEND = YES;
				GCC_C_LANGUAGE_STANDARD = gnu11;
				GCC_NO_COMMON_BLOCKS = YES;
				GCC_WARN_64_TO_32_BIT_CONVERSION = YES;
				GCC_WARN_ABOUT_RETURN_TYPE = YES_ERROR;
				GCC_WARN_UNDECLARED_SELECTOR = YES;
				GCC_WARN_UNINITIALIZED_AUTOS = YES_AGGRESSIVE;
				GCC_WARN_UNUSED_FUNCTION = YES;
				GCC_WARN_UNUSED_VARIABLE = YES;
				IPHONEOS_DEPLOYMENT_TARGET = 11.0;
				MTL_ENABLE_DEBUG_INFO = NO;
				SDKROOT = iphoneos;
				SWIFT_OPTIMIZATION_LEVEL = "-Owholemodule";
				VALIDATE_PRODUCT = YES;
			};
			name = Release;
		};
		EF53C9891F795F35009A1DB8 /* Debug */ = {
			isa = XCBuildConfiguration;
			buildSettings = {
				ASSETCATALOG_COMPILER_APPICON_NAME = AppIcon;
				CODE_SIGN_STYLE = Automatic;
				DEVELOPMENT_TEAM = 8V82X98L5Q;
				INFOPLIST_FILE = Travelisto/Info.plist;
				LD_RUNPATH_SEARCH_PATHS = "$(inherited) @executable_path/Frameworks";
				PRODUCT_BUNDLE_IDENTIFIER = com.gmail.chidiemeh184.Travelisto;
				PRODUCT_NAME = "$(TARGET_NAME)";
				SWIFT_VERSION = 4.0;
				TARGETED_DEVICE_FAMILY = "1,2";
			};
			name = Debug;
		};
		EF53C98A1F795F35009A1DB8 /* Release */ = {
			isa = XCBuildConfiguration;
			buildSettings = {
				ASSETCATALOG_COMPILER_APPICON_NAME = AppIcon;
				CODE_SIGN_STYLE = Automatic;
				DEVELOPMENT_TEAM = 8V82X98L5Q;
				INFOPLIST_FILE = Travelisto/Info.plist;
				LD_RUNPATH_SEARCH_PATHS = "$(inherited) @executable_path/Frameworks";
				PRODUCT_BUNDLE_IDENTIFIER = com.gmail.chidiemeh184.Travelisto;
				PRODUCT_NAME = "$(TARGET_NAME)";
				SWIFT_VERSION = 4.0;
				TARGETED_DEVICE_FAMILY = "1,2";
			};
			name = Release;
		};
/* End XCBuildConfiguration section */

/* Begin XCConfigurationList section */
		EF53C9711F795F35009A1DB8 /* Build configuration list for PBXProject "Travelisto" */ = {
			isa = XCConfigurationList;
			buildConfigurations = (
				EF53C9861F795F35009A1DB8 /* Debug */,
				EF53C9871F795F35009A1DB8 /* Release */,
			);
			defaultConfigurationIsVisible = 0;
			defaultConfigurationName = Release;
		};
		EF53C9881F795F35009A1DB8 /* Build configuration list for PBXNativeTarget "Travelisto" */ = {
			isa = XCConfigurationList;
			buildConfigurations = (
				EF53C9891F795F35009A1DB8 /* Debug */,
				EF53C98A1F795F35009A1DB8 /* Release */,
			);
			defaultConfigurationIsVisible = 0;
			defaultConfigurationName = Release;
		};
/* End XCConfigurationList section */
	};
	rootObject = EF53C96E1F795F35009A1DB8 /* Project object */;
}
