// !$*UTF8*$!
{
	archiveVersion = 1;
	classes = {
	};
	objectVersion = 48;
	objects = {

/* Begin PBXBuildFile section */
		1A14D741113BFD837DB27AF4 /* Pods_Travelisto.framework in Frameworks */ = {isa = PBXBuildFile; fileRef = E49E5941D13FCEBE2197F61A /* Pods_Travelisto.framework */; };
		EF1523691FFDC19600ADAD1F /* SanFranciscoText-Regular.otf in Resources */ = {isa = PBXBuildFile; fileRef = EF1523671FFDC08B00ADAD1F /* SanFranciscoText-Regular.otf */; };
		EF15236E1FFDCA8200ADAD1F /* TutorialSlideView.swift in Sources */ = {isa = PBXBuildFile; fileRef = EF15236D1FFDCA8200ADAD1F /* TutorialSlideView.swift */; };
		EF1523701FFDCA9F00ADAD1F /* TutorialSlideView.xib in Resources */ = {isa = PBXBuildFile; fileRef = EF15236F1FFDCA9F00ADAD1F /* TutorialSlideView.xib */; };
		EF1523761FFEC1C800ADAD1F /* SignInViewController.swift in Sources */ = {isa = PBXBuildFile; fileRef = EF1523751FFEC1C800ADAD1F /* SignInViewController.swift */; };
		EF15237A1FFEC43000ADAD1F /* CustomTextField.swift in Sources */ = {isa = PBXBuildFile; fileRef = EF1523791FFEC43000ADAD1F /* CustomTextField.swift */; };
		EF15237C1FFECD7000ADAD1F /* CustomButton.swift in Sources */ = {isa = PBXBuildFile; fileRef = EF15237B1FFECD7000ADAD1F /* CustomButton.swift */; };
		EF15237E1FFED1E700ADAD1F /* PasswordResetViewController.swift in Sources */ = {isa = PBXBuildFile; fileRef = EF15237D1FFED1E700ADAD1F /* PasswordResetViewController.swift */; };
		EF1523801FFED3AB00ADAD1F /* CreateAccountViewController.swift in Sources */ = {isa = PBXBuildFile; fileRef = EF15237F1FFED3AB00ADAD1F /* CreateAccountViewController.swift */; };
		EF1523C020044A8600ADAD1F /* Segue.swift in Sources */ = {isa = PBXBuildFile; fileRef = EF1523BF20044A8600ADAD1F /* Segue.swift */; };
		EF1551E9207CF5BD008DAA89 /* TabBar.storyboard in Resources */ = {isa = PBXBuildFile; fileRef = EF1551E8207CF5BD008DAA89 /* TabBar.storyboard */; };
		EF156B8D1F97C49B00924A89 /* RestuarantSearch.swift in Sources */ = {isa = PBXBuildFile; fileRef = EF156B8C1F97C49B00924A89 /* RestuarantSearch.swift */; };
		EF156B8F1F97C60800924A89 /* Restuarant.swift in Sources */ = {isa = PBXBuildFile; fileRef = EF156B8E1F97C60800924A89 /* Restuarant.swift */; };
		EF156B911F98153E00924A89 /* ReviewResult.swift in Sources */ = {isa = PBXBuildFile; fileRef = EF156B901F98153E00924A89 /* ReviewResult.swift */; };
		EF156B931F98174400924A89 /* Review.swift in Sources */ = {isa = PBXBuildFile; fileRef = EF156B921F98174400924A89 /* Review.swift */; };
		EF156B961F98514300924A89 /* RestuarantURL.swift in Sources */ = {isa = PBXBuildFile; fileRef = EF156B951F98514300924A89 /* RestuarantURL.swift */; };
		EF156B981F98515500924A89 /* RestuarantReviewURL.swift in Sources */ = {isa = PBXBuildFile; fileRef = EF156B971F98515500924A89 /* RestuarantReviewURL.swift */; };
		EF156B9A1F9859D500924A89 /* RestuarantAPISearchBy.swift in Sources */ = {isa = PBXBuildFile; fileRef = EF156B991F9859D500924A89 /* RestuarantAPISearchBy.swift */; };
		EF156B9C1F985AD300924A89 /* RestuarantProcessor.swift in Sources */ = {isa = PBXBuildFile; fileRef = EF156B9B1F985AD300924A89 /* RestuarantProcessor.swift */; };
		EF156B9E1F985EBB00924A89 /* RestuarantService.swift in Sources */ = {isa = PBXBuildFile; fileRef = EF156B9D1F985EBB00924A89 /* RestuarantService.swift */; };
		EF156BA21F9A65DE00924A89 /* AuthService.swift in Sources */ = {isa = PBXBuildFile; fileRef = EF156BA11F9A65DD00924A89 /* AuthService.swift */; };
		EF156BA61F9A766000924A89 /* GoogleService-Info.plist in CopyFiles */ = {isa = PBXBuildFile; fileRef = EF156BA51F9A765F00924A89 /* GoogleService-Info.plist */; };
		EF17CAD61F7BE72600E938AC /* NetworkProcessor.swift in Sources */ = {isa = PBXBuildFile; fileRef = EF17CAD51F7BE72600E938AC /* NetworkProcessor.swift */; };
		EF17CADD1F7C02BA00E938AC /* FlightNetworkProcessor.swift in Sources */ = {isa = PBXBuildFile; fileRef = EF17CADC1F7C02BA00E938AC /* FlightNetworkProcessor.swift */; };
		EF17CADF1F7C02D800E938AC /* CarNetworkProcessor.swift in Sources */ = {isa = PBXBuildFile; fileRef = EF17CADE1F7C02D800E938AC /* CarNetworkProcessor.swift */; };
		EF17CAE11F7C02EA00E938AC /* HotelNetworkProcessor.swift in Sources */ = {isa = PBXBuildFile; fileRef = EF17CAE01F7C02EA00E938AC /* HotelNetworkProcessor.swift */; };
		EF17CAE31F7C030E00E938AC /* PointsOfInterestNetworkProcessor.swift in Sources */ = {isa = PBXBuildFile; fileRef = EF17CAE21F7C030E00E938AC /* PointsOfInterestNetworkProcessor.swift */; };
		EF17CAE81F7C0BA300E938AC /* FlightService.swift in Sources */ = {isa = PBXBuildFile; fileRef = EF17CAE71F7C0BA300E938AC /* FlightService.swift */; };
		EF17CAEA1F7C0BFD00E938AC /* CarService.swift in Sources */ = {isa = PBXBuildFile; fileRef = EF17CAE91F7C0BFD00E938AC /* CarService.swift */; };
		EF17CAEC1F7C0C3900E938AC /* HotelService.swift in Sources */ = {isa = PBXBuildFile; fileRef = EF17CAEB1F7C0C3900E938AC /* HotelService.swift */; };
		EF17CAEE1F7C0C5400E938AC /* PointsOfInterestService.swift in Sources */ = {isa = PBXBuildFile; fileRef = EF17CAED1F7C0C5400E938AC /* PointsOfInterestService.swift */; };
		EF17CAF01F7C599A00E938AC /* Destinations.swift in Sources */ = {isa = PBXBuildFile; fileRef = EF17CAEF1F7C599A00E938AC /* Destinations.swift */; };
		EF17CAF21F7C702D00E938AC /* LowPriceFlight.swift in Sources */ = {isa = PBXBuildFile; fileRef = EF17CAF11F7C702D00E938AC /* LowPriceFlight.swift */; };
		EF17CAF41F7C72B200E938AC /* Fare.swift in Sources */ = {isa = PBXBuildFile; fileRef = EF17CAF31F7C72B200E938AC /* Fare.swift */; };
		EF17CAF61F7C8F0700E938AC /* Outbound.swift in Sources */ = {isa = PBXBuildFile; fileRef = EF17CAF51F7C8F0700E938AC /* Outbound.swift */; };
		EF17CAF81F7C987800E938AC /* AirportAutoComplets.swift in Sources */ = {isa = PBXBuildFile; fileRef = EF17CAF71F7C987800E938AC /* AirportAutoComplets.swift */; };
		EF17CAFA1F7C9D1F00E938AC /* Location.swift in Sources */ = {isa = PBXBuildFile; fileRef = EF17CAF91F7C9D1F00E938AC /* Location.swift */; };
		EF17CAFC1F7C9E4200E938AC /* Coordinates.swift in Sources */ = {isa = PBXBuildFile; fileRef = EF17CAFB1F7C9E4200E938AC /* Coordinates.swift */; };
		EF17CAFE1F7CB53000E938AC /* HotelAirports.swift in Sources */ = {isa = PBXBuildFile; fileRef = EF17CAFD1F7CB53000E938AC /* HotelAirports.swift */; };
		EF17CB001F7D2E4C00E938AC /* Address.swift in Sources */ = {isa = PBXBuildFile; fileRef = EF17CAFF1F7D2E4C00E938AC /* Address.swift */; };
		EF17F7251F7EABAA00E7159A /* Hotel.swift in Sources */ = {isa = PBXBuildFile; fileRef = EF17F7241F7EABAA00E7159A /* Hotel.swift */; };
		EF17F7271F7EB06C00E7159A /* CarRental.swift in Sources */ = {isa = PBXBuildFile; fileRef = EF17F7261F7EB06C00E7159A /* CarRental.swift */; };
		EF17F7291F7EB36E00E7159A /* Car.swift in Sources */ = {isa = PBXBuildFile; fileRef = EF17F7281F7EB36E00E7159A /* Car.swift */; };
		EF17F72B1F7EB69E00E7159A /* Amount.swift in Sources */ = {isa = PBXBuildFile; fileRef = EF17F72A1F7EB69E00E7159A /* Amount.swift */; };
		EF17F72D1F7EB7AC00E7159A /* Image.swift in Sources */ = {isa = PBXBuildFile; fileRef = EF17F72C1F7EB7AC00E7159A /* Image.swift */; };
		EF17F72F1F7EBC3200E7159A /* Provider.swift in Sources */ = {isa = PBXBuildFile; fileRef = EF17F72E1F7EBC3200E7159A /* Provider.swift */; };
		EF17F7311F7EBC8B00E7159A /* VehicleInfo.swift in Sources */ = {isa = PBXBuildFile; fileRef = EF17F7301F7EBC8B00E7159A /* VehicleInfo.swift */; };
		EF17F7331F7EBCE900E7159A /* Rate.swift in Sources */ = {isa = PBXBuildFile; fileRef = EF17F7321F7EBCE900E7159A /* Rate.swift */; };
		EF17F7351F7EBD7F00E7159A /* CarRentalGeosearch.swift in Sources */ = {isa = PBXBuildFile; fileRef = EF17F7341F7EBD7F00E7159A /* CarRentalGeosearch.swift */; };
		EF17F7371F7EE39000E7159A /* PointsOfInterestResult.swift in Sources */ = {isa = PBXBuildFile; fileRef = EF17F7361F7EE39000E7159A /* PointsOfInterestResult.swift */; };
		EF17F73A1F7EF34800E7159A /* TopFlights.swift in Sources */ = {isa = PBXBuildFile; fileRef = EF17F7391F7EF34800E7159A /* TopFlights.swift */; };
		EF17F73C1F7EF48900E7159A /* TopFlightDestination.swift in Sources */ = {isa = PBXBuildFile; fileRef = EF17F73B1F7EF48900E7159A /* TopFlightDestination.swift */; };
		EF17F73E1F7EFB0400E7159A /* FlightTraffic.swift in Sources */ = {isa = PBXBuildFile; fileRef = EF17F73D1F7EFB0400E7159A /* FlightTraffic.swift */; };
		EF17F7431F7F087400E7159A /* NearestRelevantAirport.swift in Sources */ = {isa = PBXBuildFile; fileRef = EF17F7421F7F087400E7159A /* NearestRelevantAirport.swift */; };
		EF17F7471F7F0B1D00E7159A /* FlightAPISearchBy.swift in Sources */ = {isa = PBXBuildFile; fileRef = EF17F7461F7F0B1D00E7159A /* FlightAPISearchBy.swift */; };
		EF17F7491F7F1EC700E7159A /* HotelAPISearchBy.swift in Sources */ = {isa = PBXBuildFile; fileRef = EF17F7481F7F1EC700E7159A /* HotelAPISearchBy.swift */; };
		EF17F74B1F7F216000E7159A /* CarAPISearchBy.swift in Sources */ = {isa = PBXBuildFile; fileRef = EF17F74A1F7F216000E7159A /* CarAPISearchBy.swift */; };
		EF17F74D1F7F23AD00E7159A /* POIAPISearchBy.swift in Sources */ = {isa = PBXBuildFile; fileRef = EF17F74C1F7F23AD00E7159A /* POIAPISearchBy.swift */; };
		EF1C9F421FFDB8B9008084FE /* TutorialViewController.swift in Sources */ = {isa = PBXBuildFile; fileRef = EF1C9F411FFDB8B9008084FE /* TutorialViewController.swift */; };
		EF3656CC207D2ED400B2AB3C /* Explore.storyboard in Resources */ = {isa = PBXBuildFile; fileRef = EF3656CB207D2ED400B2AB3C /* Explore.storyboard */; };
		EF3656CE207D2F3D00B2AB3C /* Search.storyboard in Resources */ = {isa = PBXBuildFile; fileRef = EF3656CD207D2F3D00B2AB3C /* Search.storyboard */; };
		EF3656D0207D2F8E00B2AB3C /* Trips.storyboard in Resources */ = {isa = PBXBuildFile; fileRef = EF3656CF207D2F8E00B2AB3C /* Trips.storyboard */; };
		EF3656D2207D2FC300B2AB3C /* Settings.storyboard in Resources */ = {isa = PBXBuildFile; fileRef = EF3656D1207D2FC300B2AB3C /* Settings.storyboard */; };
		EF3656D7207D326300B2AB3C /* SearchTableViewController.swift in Sources */ = {isa = PBXBuildFile; fileRef = EF3656D6207D326300B2AB3C /* SearchTableViewController.swift */; };
		EF3656DA207D429600B2AB3C /* FlightSuggestionTVC.swift in Sources */ = {isa = PBXBuildFile; fileRef = EF3656D9207D429600B2AB3C /* FlightSuggestionTVC.swift */; };
		EF3656DD207D46DD00B2AB3C /* HotelSuggestionTVC.swift in Sources */ = {isa = PBXBuildFile; fileRef = EF3656DC207D46DD00B2AB3C /* HotelSuggestionTVC.swift */; };
		EF3656E0207D845400B2AB3C /* FlightSuggestionCell.swift in Sources */ = {isa = PBXBuildFile; fileRef = EF3656DF207D845400B2AB3C /* FlightSuggestionCell.swift */; };
		EF3656E2207D850500B2AB3C /* PopularDestinationTVCell.swift in Sources */ = {isa = PBXBuildFile; fileRef = EF3656E1207D850500B2AB3C /* PopularDestinationTVCell.swift */; };
		EF3656E5207D85A000B2AB3C /* DealsTVCell.swift in Sources */ = {isa = PBXBuildFile; fileRef = EF3656E4207D85A000B2AB3C /* DealsTVCell.swift */; };
		EF3656E7207DAC4F00B2AB3C /* PopularDestinationCVCell.swift in Sources */ = {isa = PBXBuildFile; fileRef = EF3656E6207DAC4F00B2AB3C /* PopularDestinationCVCell.swift */; };
		EF3656E9207DB2F300B2AB3C /* DealsCVCell.swift in Sources */ = {isa = PBXBuildFile; fileRef = EF3656E8207DB2F300B2AB3C /* DealsCVCell.swift */; };
		EF43F8991F8DD21D008A1040 /* BaseURL.swift in Sources */ = {isa = PBXBuildFile; fileRef = EF43F8981F8DD21D008A1040 /* BaseURL.swift */; };
		EF43F89B1F8E3975008A1040 /* InspirationURL.swift in Sources */ = {isa = PBXBuildFile; fileRef = EF43F89A1F8E3975008A1040 /* InspirationURL.swift */; };
		EF43F89D1F8FF070008A1040 /* AirportAutoCompleteURL.swift in Sources */ = {isa = PBXBuildFile; fileRef = EF43F89C1F8FF070008A1040 /* AirportAutoCompleteURL.swift */; };
		EF43F89F1F8FF461008A1040 /* AirportAreaURL.swift in Sources */ = {isa = PBXBuildFile; fileRef = EF43F89E1F8FF461008A1040 /* AirportAreaURL.swift */; };
		EF43F8A31F9026F1008A1040 /* HotelURL.swift in Sources */ = {isa = PBXBuildFile; fileRef = EF43F8A21F9026F1008A1040 /* HotelURL.swift */; };
		EF43F8A61F904A70008A1040 /* CarURL.swift in Sources */ = {isa = PBXBuildFile; fileRef = EF43F8A51F904A70008A1040 /* CarURL.swift */; };
		EF43F8AA1F9058AF008A1040 /* PointOfInterestURL.swift in Sources */ = {isa = PBXBuildFile; fileRef = EF43F8A91F9058AF008A1040 /* PointOfInterestURL.swift */; };
		EF53C97A1F795F35009A1DB8 /* AppDelegate.swift in Sources */ = {isa = PBXBuildFile; fileRef = EF53C9791F795F35009A1DB8 /* AppDelegate.swift */; };
		EF53C97F1F795F35009A1DB8 /* Main.storyboard in Resources */ = {isa = PBXBuildFile; fileRef = EF53C97D1F795F35009A1DB8 /* Main.storyboard */; };
		EF53C9811F795F35009A1DB8 /* Assets.xcassets in Resources */ = {isa = PBXBuildFile; fileRef = EF53C9801F795F35009A1DB8 /* Assets.xcassets */; };
		EF53C9841F795F35009A1DB8 /* LaunchScreen.storyboard in Resources */ = {isa = PBXBuildFile; fileRef = EF53C9821F795F35009A1DB8 /* LaunchScreen.storyboard */; };
		EF7208561F82992100E1824D /* LowFareURL.swift in Sources */ = {isa = PBXBuildFile; fileRef = EF7208551F82992100E1824D /* LowFareURL.swift */; };
		EF7208581F83E55000E1824D /* CustomError.swift in Sources */ = {isa = PBXBuildFile; fileRef = EF7208571F83E55000E1824D /* CustomError.swift */; };
/* End PBXBuildFile section */

/* Begin PBXCopyFilesBuildPhase section */
		EF156BA41F9A764C00924A89 /* CopyFiles */ = {
			isa = PBXCopyFilesBuildPhase;
			buildActionMask = 2147483647;
			dstPath = "";
			dstSubfolderSpec = 7;
			files = (
				EF156BA61F9A766000924A89 /* GoogleService-Info.plist in CopyFiles */,
			);
			runOnlyForDeploymentPostprocessing = 0;
		};
/* End PBXCopyFilesBuildPhase section */

/* Begin PBXFileReference section */
		C4E22AF323C0F0A0B367ECD2 /* Pods-Travelisto.release.xcconfig */ = {isa = PBXFileReference; includeInIndex = 1; lastKnownFileType = text.xcconfig; name = "Pods-Travelisto.release.xcconfig"; path = "Pods/Target Support Files/Pods-Travelisto/Pods-Travelisto.release.xcconfig"; sourceTree = "<group>"; };
		E49E5941D13FCEBE2197F61A /* Pods_Travelisto.framework */ = {isa = PBXFileReference; explicitFileType = wrapper.framework; includeInIndex = 0; path = Pods_Travelisto.framework; sourceTree = BUILT_PRODUCTS_DIR; };
		EF1523541FFDC08800ADAD1F /* SanFranciscoDisplay-Medium.otf */ = {isa = PBXFileReference; lastKnownFileType = file; path = "SanFranciscoDisplay-Medium.otf"; sourceTree = "<group>"; };
		EF1523551FFDC08800ADAD1F /* SanFranciscoDisplay-Bold.otf */ = {isa = PBXFileReference; lastKnownFileType = file; path = "SanFranciscoDisplay-Bold.otf"; sourceTree = "<group>"; };
		EF1523561FFDC08800ADAD1F /* SanFranciscoText-HeavyItalic.otf */ = {isa = PBXFileReference; lastKnownFileType = file; path = "SanFranciscoText-HeavyItalic.otf"; sourceTree = "<group>"; };
		EF1523571FFDC08900ADAD1F /* SanFranciscoText-BoldItalic.otf */ = {isa = PBXFileReference; lastKnownFileType = file; path = "SanFranciscoText-BoldItalic.otf"; sourceTree = "<group>"; };
		EF1523581FFDC08900ADAD1F /* SanFranciscoDisplay-Thin.otf */ = {isa = PBXFileReference; lastKnownFileType = file; path = "SanFranciscoDisplay-Thin.otf"; sourceTree = "<group>"; };
		EF1523591FFDC08900ADAD1F /* SanFranciscoText-RegularItalic.otf */ = {isa = PBXFileReference; lastKnownFileType = file; path = "SanFranciscoText-RegularItalic.otf"; sourceTree = "<group>"; };
		EF15235A1FFDC08900ADAD1F /* SanFranciscoText-Heavy.otf */ = {isa = PBXFileReference; lastKnownFileType = file; path = "SanFranciscoText-Heavy.otf"; sourceTree = "<group>"; };
		EF15235B1FFDC08900ADAD1F /* SanFranciscoText-Light.otf */ = {isa = PBXFileReference; lastKnownFileType = file; path = "SanFranciscoText-Light.otf"; sourceTree = "<group>"; };
		EF15235C1FFDC08900ADAD1F /* SanFranciscoDisplay-Light.otf */ = {isa = PBXFileReference; lastKnownFileType = file; path = "SanFranciscoDisplay-Light.otf"; sourceTree = "<group>"; };
		EF15235D1FFDC08900ADAD1F /* SanFranciscoText-Bold.otf */ = {isa = PBXFileReference; lastKnownFileType = file; path = "SanFranciscoText-Bold.otf"; sourceTree = "<group>"; };
		EF15235E1FFDC08A00ADAD1F /* SanFranciscoText-Medium.otf */ = {isa = PBXFileReference; lastKnownFileType = file; path = "SanFranciscoText-Medium.otf"; sourceTree = "<group>"; };
		EF15235F1FFDC08A00ADAD1F /* SanFranciscoText-Semibold.otf */ = {isa = PBXFileReference; lastKnownFileType = file; path = "SanFranciscoText-Semibold.otf"; sourceTree = "<group>"; };
		EF1523601FFDC08A00ADAD1F /* SanFranciscoDisplay-Regular.otf */ = {isa = PBXFileReference; lastKnownFileType = file; path = "SanFranciscoDisplay-Regular.otf"; sourceTree = "<group>"; };
		EF1523611FFDC08A00ADAD1F /* SanFranciscoDisplay-Semibold.otf */ = {isa = PBXFileReference; lastKnownFileType = file; path = "SanFranciscoDisplay-Semibold.otf"; sourceTree = "<group>"; };
		EF1523621FFDC08A00ADAD1F /* SanFranciscoDisplay-Ultralight.otf */ = {isa = PBXFileReference; lastKnownFileType = file; path = "SanFranciscoDisplay-Ultralight.otf"; sourceTree = "<group>"; };
		EF1523631FFDC08A00ADAD1F /* SanFranciscoDisplay-Heavy.otf */ = {isa = PBXFileReference; lastKnownFileType = file; path = "SanFranciscoDisplay-Heavy.otf"; sourceTree = "<group>"; };
		EF1523641FFDC08A00ADAD1F /* SanFranciscoText-LightItalic.otf */ = {isa = PBXFileReference; lastKnownFileType = file; path = "SanFranciscoText-LightItalic.otf"; sourceTree = "<group>"; };
		EF1523651FFDC08B00ADAD1F /* SanFranciscoText-MediumItalic.otf */ = {isa = PBXFileReference; lastKnownFileType = file; path = "SanFranciscoText-MediumItalic.otf"; sourceTree = "<group>"; };
		EF1523661FFDC08B00ADAD1F /* SanFranciscoText-SemiboldItalic.otf */ = {isa = PBXFileReference; lastKnownFileType = file; path = "SanFranciscoText-SemiboldItalic.otf"; sourceTree = "<group>"; };
		EF1523671FFDC08B00ADAD1F /* SanFranciscoText-Regular.otf */ = {isa = PBXFileReference; lastKnownFileType = file; path = "SanFranciscoText-Regular.otf"; sourceTree = "<group>"; };
		EF1523681FFDC08B00ADAD1F /* SanFranciscoDisplay-Black.otf */ = {isa = PBXFileReference; lastKnownFileType = file; path = "SanFranciscoDisplay-Black.otf"; sourceTree = "<group>"; };
		EF15236D1FFDCA8200ADAD1F /* TutorialSlideView.swift */ = {isa = PBXFileReference; lastKnownFileType = sourcecode.swift; path = TutorialSlideView.swift; sourceTree = "<group>"; };
		EF15236F1FFDCA9F00ADAD1F /* TutorialSlideView.xib */ = {isa = PBXFileReference; lastKnownFileType = file.xib; path = TutorialSlideView.xib; sourceTree = "<group>"; };
		EF1523751FFEC1C800ADAD1F /* SignInViewController.swift */ = {isa = PBXFileReference; lastKnownFileType = sourcecode.swift; path = SignInViewController.swift; sourceTree = "<group>"; };
		EF1523791FFEC43000ADAD1F /* CustomTextField.swift */ = {isa = PBXFileReference; lastKnownFileType = sourcecode.swift; path = CustomTextField.swift; sourceTree = "<group>"; };
		EF15237B1FFECD7000ADAD1F /* CustomButton.swift */ = {isa = PBXFileReference; lastKnownFileType = sourcecode.swift; path = CustomButton.swift; sourceTree = "<group>"; };
		EF15237D1FFED1E700ADAD1F /* PasswordResetViewController.swift */ = {isa = PBXFileReference; lastKnownFileType = sourcecode.swift; path = PasswordResetViewController.swift; sourceTree = "<group>"; };
		EF15237F1FFED3AB00ADAD1F /* CreateAccountViewController.swift */ = {isa = PBXFileReference; lastKnownFileType = sourcecode.swift; path = CreateAccountViewController.swift; sourceTree = "<group>"; };
		EF1523BF20044A8600ADAD1F /* Segue.swift */ = {isa = PBXFileReference; lastKnownFileType = sourcecode.swift; path = Segue.swift; sourceTree = "<group>"; };
		EF1551E8207CF5BD008DAA89 /* TabBar.storyboard */ = {isa = PBXFileReference; fileEncoding = 4; lastKnownFileType = file.storyboard; path = TabBar.storyboard; sourceTree = "<group>"; };
		EF156B8C1F97C49B00924A89 /* RestuarantSearch.swift */ = {isa = PBXFileReference; lastKnownFileType = sourcecode.swift; path = RestuarantSearch.swift; sourceTree = "<group>"; };
		EF156B8E1F97C60800924A89 /* Restuarant.swift */ = {isa = PBXFileReference; lastKnownFileType = sourcecode.swift; path = Restuarant.swift; sourceTree = "<group>"; };
		EF156B901F98153E00924A89 /* ReviewResult.swift */ = {isa = PBXFileReference; lastKnownFileType = sourcecode.swift; path = ReviewResult.swift; sourceTree = "<group>"; };
		EF156B921F98174400924A89 /* Review.swift */ = {isa = PBXFileReference; lastKnownFileType = sourcecode.swift; path = Review.swift; sourceTree = "<group>"; };
		EF156B951F98514300924A89 /* RestuarantURL.swift */ = {isa = PBXFileReference; lastKnownFileType = sourcecode.swift; path = RestuarantURL.swift; sourceTree = "<group>"; };
		EF156B971F98515500924A89 /* RestuarantReviewURL.swift */ = {isa = PBXFileReference; lastKnownFileType = sourcecode.swift; path = RestuarantReviewURL.swift; sourceTree = "<group>"; };
		EF156B991F9859D500924A89 /* RestuarantAPISearchBy.swift */ = {isa = PBXFileReference; lastKnownFileType = sourcecode.swift; path = RestuarantAPISearchBy.swift; sourceTree = "<group>"; };
		EF156B9B1F985AD300924A89 /* RestuarantProcessor.swift */ = {isa = PBXFileReference; lastKnownFileType = sourcecode.swift; path = RestuarantProcessor.swift; sourceTree = "<group>"; };
		EF156B9D1F985EBB00924A89 /* RestuarantService.swift */ = {isa = PBXFileReference; lastKnownFileType = sourcecode.swift; path = RestuarantService.swift; sourceTree = "<group>"; };
		EF156BA11F9A65DD00924A89 /* AuthService.swift */ = {isa = PBXFileReference; lastKnownFileType = sourcecode.swift; path = AuthService.swift; sourceTree = "<group>"; };
		EF156BA51F9A765F00924A89 /* GoogleService-Info.plist */ = {isa = PBXFileReference; lastKnownFileType = text.plist.xml; path = "GoogleService-Info.plist"; sourceTree = "<group>"; };
		EF17CAD51F7BE72600E938AC /* NetworkProcessor.swift */ = {isa = PBXFileReference; lastKnownFileType = sourcecode.swift; path = NetworkProcessor.swift; sourceTree = "<group>"; };
		EF17CADC1F7C02BA00E938AC /* FlightNetworkProcessor.swift */ = {isa = PBXFileReference; lastKnownFileType = sourcecode.swift; path = FlightNetworkProcessor.swift; sourceTree = "<group>"; };
		EF17CADE1F7C02D800E938AC /* CarNetworkProcessor.swift */ = {isa = PBXFileReference; lastKnownFileType = sourcecode.swift; path = CarNetworkProcessor.swift; sourceTree = "<group>"; };
		EF17CAE01F7C02EA00E938AC /* HotelNetworkProcessor.swift */ = {isa = PBXFileReference; lastKnownFileType = sourcecode.swift; path = HotelNetworkProcessor.swift; sourceTree = "<group>"; };
		EF17CAE21F7C030E00E938AC /* PointsOfInterestNetworkProcessor.swift */ = {isa = PBXFileReference; lastKnownFileType = sourcecode.swift; path = PointsOfInterestNetworkProcessor.swift; sourceTree = "<group>"; };
		EF17CAE71F7C0BA300E938AC /* FlightService.swift */ = {isa = PBXFileReference; lastKnownFileType = sourcecode.swift; path = FlightService.swift; sourceTree = "<group>"; };
		EF17CAE91F7C0BFD00E938AC /* CarService.swift */ = {isa = PBXFileReference; lastKnownFileType = sourcecode.swift; path = CarService.swift; sourceTree = "<group>"; };
		EF17CAEB1F7C0C3900E938AC /* HotelService.swift */ = {isa = PBXFileReference; lastKnownFileType = sourcecode.swift; path = HotelService.swift; sourceTree = "<group>"; };
		EF17CAED1F7C0C5400E938AC /* PointsOfInterestService.swift */ = {isa = PBXFileReference; lastKnownFileType = sourcecode.swift; path = PointsOfInterestService.swift; sourceTree = "<group>"; };
		EF17CAEF1F7C599A00E938AC /* Destinations.swift */ = {isa = PBXFileReference; lastKnownFileType = sourcecode.swift; path = Destinations.swift; sourceTree = "<group>"; };
		EF17CAF11F7C702D00E938AC /* LowPriceFlight.swift */ = {isa = PBXFileReference; lastKnownFileType = sourcecode.swift; path = LowPriceFlight.swift; sourceTree = "<group>"; };
		EF17CAF31F7C72B200E938AC /* Fare.swift */ = {isa = PBXFileReference; lastKnownFileType = sourcecode.swift; path = Fare.swift; sourceTree = "<group>"; };
		EF17CAF51F7C8F0700E938AC /* Outbound.swift */ = {isa = PBXFileReference; lastKnownFileType = sourcecode.swift; path = Outbound.swift; sourceTree = "<group>"; };
		EF17CAF71F7C987800E938AC /* AirportAutoComplets.swift */ = {isa = PBXFileReference; lastKnownFileType = sourcecode.swift; path = AirportAutoComplets.swift; sourceTree = "<group>"; };
		EF17CAF91F7C9D1F00E938AC /* Location.swift */ = {isa = PBXFileReference; lastKnownFileType = sourcecode.swift; path = Location.swift; sourceTree = "<group>"; };
		EF17CAFB1F7C9E4200E938AC /* Coordinates.swift */ = {isa = PBXFileReference; lastKnownFileType = sourcecode.swift; path = Coordinates.swift; sourceTree = "<group>"; };
		EF17CAFD1F7CB53000E938AC /* HotelAirports.swift */ = {isa = PBXFileReference; lastKnownFileType = sourcecode.swift; path = HotelAirports.swift; sourceTree = "<group>"; };
		EF17CAFF1F7D2E4C00E938AC /* Address.swift */ = {isa = PBXFileReference; lastKnownFileType = sourcecode.swift; path = Address.swift; sourceTree = "<group>"; };
		EF17F7241F7EABAA00E7159A /* Hotel.swift */ = {isa = PBXFileReference; lastKnownFileType = sourcecode.swift; path = Hotel.swift; sourceTree = "<group>"; };
		EF17F7261F7EB06C00E7159A /* CarRental.swift */ = {isa = PBXFileReference; lastKnownFileType = sourcecode.swift; path = CarRental.swift; sourceTree = "<group>"; };
		EF17F7281F7EB36E00E7159A /* Car.swift */ = {isa = PBXFileReference; lastKnownFileType = sourcecode.swift; path = Car.swift; sourceTree = "<group>"; };
		EF17F72A1F7EB69E00E7159A /* Amount.swift */ = {isa = PBXFileReference; lastKnownFileType = sourcecode.swift; path = Amount.swift; sourceTree = "<group>"; };
		EF17F72C1F7EB7AC00E7159A /* Image.swift */ = {isa = PBXFileReference; lastKnownFileType = sourcecode.swift; path = Image.swift; sourceTree = "<group>"; };
		EF17F72E1F7EBC3200E7159A /* Provider.swift */ = {isa = PBXFileReference; lastKnownFileType = sourcecode.swift; path = Provider.swift; sourceTree = "<group>"; };
		EF17F7301F7EBC8B00E7159A /* VehicleInfo.swift */ = {isa = PBXFileReference; lastKnownFileType = sourcecode.swift; path = VehicleInfo.swift; sourceTree = "<group>"; };
		EF17F7321F7EBCE900E7159A /* Rate.swift */ = {isa = PBXFileReference; lastKnownFileType = sourcecode.swift; path = Rate.swift; sourceTree = "<group>"; };
		EF17F7341F7EBD7F00E7159A /* CarRentalGeosearch.swift */ = {isa = PBXFileReference; lastKnownFileType = sourcecode.swift; path = CarRentalGeosearch.swift; sourceTree = "<group>"; };
		EF17F7361F7EE39000E7159A /* PointsOfInterestResult.swift */ = {isa = PBXFileReference; lastKnownFileType = sourcecode.swift; path = PointsOfInterestResult.swift; sourceTree = "<group>"; };
		EF17F7391F7EF34800E7159A /* TopFlights.swift */ = {isa = PBXFileReference; lastKnownFileType = sourcecode.swift; path = TopFlights.swift; sourceTree = "<group>"; };
		EF17F73B1F7EF48900E7159A /* TopFlightDestination.swift */ = {isa = PBXFileReference; lastKnownFileType = sourcecode.swift; path = TopFlightDestination.swift; sourceTree = "<group>"; };
		EF17F73D1F7EFB0400E7159A /* FlightTraffic.swift */ = {isa = PBXFileReference; lastKnownFileType = sourcecode.swift; path = FlightTraffic.swift; sourceTree = "<group>"; };
		EF17F7421F7F087400E7159A /* NearestRelevantAirport.swift */ = {isa = PBXFileReference; lastKnownFileType = sourcecode.swift; path = NearestRelevantAirport.swift; sourceTree = "<group>"; };
		EF17F7461F7F0B1D00E7159A /* FlightAPISearchBy.swift */ = {isa = PBXFileReference; lastKnownFileType = sourcecode.swift; path = FlightAPISearchBy.swift; sourceTree = "<group>"; };
		EF17F7481F7F1EC700E7159A /* HotelAPISearchBy.swift */ = {isa = PBXFileReference; lastKnownFileType = sourcecode.swift; path = HotelAPISearchBy.swift; sourceTree = "<group>"; };
		EF17F74A1F7F216000E7159A /* CarAPISearchBy.swift */ = {isa = PBXFileReference; lastKnownFileType = sourcecode.swift; path = CarAPISearchBy.swift; sourceTree = "<group>"; };
		EF17F74C1F7F23AD00E7159A /* POIAPISearchBy.swift */ = {isa = PBXFileReference; lastKnownFileType = sourcecode.swift; path = POIAPISearchBy.swift; sourceTree = "<group>"; };
		EF1C9F411FFDB8B9008084FE /* TutorialViewController.swift */ = {isa = PBXFileReference; lastKnownFileType = sourcecode.swift; path = TutorialViewController.swift; sourceTree = "<group>"; };
		EF3656CB207D2ED400B2AB3C /* Explore.storyboard */ = {isa = PBXFileReference; fileEncoding = 4; lastKnownFileType = file.storyboard; path = Explore.storyboard; sourceTree = "<group>"; };
		EF3656CD207D2F3D00B2AB3C /* Search.storyboard */ = {isa = PBXFileReference; fileEncoding = 4; lastKnownFileType = file.storyboard; path = Search.storyboard; sourceTree = "<group>"; };
		EF3656CF207D2F8E00B2AB3C /* Trips.storyboard */ = {isa = PBXFileReference; fileEncoding = 4; lastKnownFileType = file.storyboard; path = Trips.storyboard; sourceTree = "<group>"; };
		EF3656D1207D2FC300B2AB3C /* Settings.storyboard */ = {isa = PBXFileReference; fileEncoding = 4; lastKnownFileType = file.storyboard; path = Settings.storyboard; sourceTree = "<group>"; };
		EF3656D6207D326300B2AB3C /* SearchTableViewController.swift */ = {isa = PBXFileReference; lastKnownFileType = sourcecode.swift; path = SearchTableViewController.swift; sourceTree = "<group>"; };
		EF3656D9207D429600B2AB3C /* FlightSuggestionTVC.swift */ = {isa = PBXFileReference; lastKnownFileType = sourcecode.swift; path = FlightSuggestionTVC.swift; sourceTree = "<group>"; };
		EF3656DC207D46DD00B2AB3C /* HotelSuggestionTVC.swift */ = {isa = PBXFileReference; lastKnownFileType = sourcecode.swift; path = HotelSuggestionTVC.swift; sourceTree = "<group>"; };
		EF3656DF207D845400B2AB3C /* FlightSuggestionCell.swift */ = {isa = PBXFileReference; lastKnownFileType = sourcecode.swift; path = FlightSuggestionCell.swift; sourceTree = "<group>"; };
		EF3656E1207D850500B2AB3C /* PopularDestinationTVCell.swift */ = {isa = PBXFileReference; lastKnownFileType = sourcecode.swift; path = PopularDestinationTVCell.swift; sourceTree = "<group>"; };
		EF3656E4207D85A000B2AB3C /* DealsTVCell.swift */ = {isa = PBXFileReference; lastKnownFileType = sourcecode.swift; path = DealsTVCell.swift; sourceTree = "<group>"; };
		EF3656E6207DAC4F00B2AB3C /* PopularDestinationCVCell.swift */ = {isa = PBXFileReference; lastKnownFileType = sourcecode.swift; path = PopularDestinationCVCell.swift; sourceTree = "<group>"; };
		EF3656E8207DB2F300B2AB3C /* DealsCVCell.swift */ = {isa = PBXFileReference; lastKnownFileType = sourcecode.swift; path = DealsCVCell.swift; sourceTree = "<group>"; };
		EF43F8981F8DD21D008A1040 /* BaseURL.swift */ = {isa = PBXFileReference; lastKnownFileType = sourcecode.swift; path = BaseURL.swift; sourceTree = "<group>"; };
		EF43F89A1F8E3975008A1040 /* InspirationURL.swift */ = {isa = PBXFileReference; lastKnownFileType = sourcecode.swift; path = InspirationURL.swift; sourceTree = "<group>"; };
		EF43F89C1F8FF070008A1040 /* AirportAutoCompleteURL.swift */ = {isa = PBXFileReference; lastKnownFileType = sourcecode.swift; path = AirportAutoCompleteURL.swift; sourceTree = "<group>"; };
		EF43F89E1F8FF461008A1040 /* AirportAreaURL.swift */ = {isa = PBXFileReference; lastKnownFileType = sourcecode.swift; path = AirportAreaURL.swift; sourceTree = "<group>"; };
		EF43F8A21F9026F1008A1040 /* HotelURL.swift */ = {isa = PBXFileReference; lastKnownFileType = sourcecode.swift; path = HotelURL.swift; sourceTree = "<group>"; };
		EF43F8A51F904A70008A1040 /* CarURL.swift */ = {isa = PBXFileReference; lastKnownFileType = sourcecode.swift; path = CarURL.swift; sourceTree = "<group>"; };
		EF43F8A91F9058AF008A1040 /* PointOfInterestURL.swift */ = {isa = PBXFileReference; lastKnownFileType = sourcecode.swift; path = PointOfInterestURL.swift; sourceTree = "<group>"; };
		EF53C9761F795F35009A1DB8 /* Travelisto.app */ = {isa = PBXFileReference; explicitFileType = wrapper.application; includeInIndex = 0; path = Travelisto.app; sourceTree = BUILT_PRODUCTS_DIR; };
		EF53C9791F795F35009A1DB8 /* AppDelegate.swift */ = {isa = PBXFileReference; lastKnownFileType = sourcecode.swift; path = AppDelegate.swift; sourceTree = "<group>"; };
		EF53C97E1F795F35009A1DB8 /* Base */ = {isa = PBXFileReference; lastKnownFileType = file.storyboard; name = Base; path = Base.lproj/Main.storyboard; sourceTree = "<group>"; };
		EF53C9801F795F35009A1DB8 /* Assets.xcassets */ = {isa = PBXFileReference; lastKnownFileType = folder.assetcatalog; path = Assets.xcassets; sourceTree = "<group>"; };
		EF53C9831F795F35009A1DB8 /* Base */ = {isa = PBXFileReference; lastKnownFileType = file.storyboard; name = Base; path = Base.lproj/LaunchScreen.storyboard; sourceTree = "<group>"; };
		EF53C9851F795F35009A1DB8 /* Info.plist */ = {isa = PBXFileReference; lastKnownFileType = text.plist.xml; path = Info.plist; sourceTree = "<group>"; };
		EF7208551F82992100E1824D /* LowFareURL.swift */ = {isa = PBXFileReference; lastKnownFileType = sourcecode.swift; path = LowFareURL.swift; sourceTree = "<group>"; };
		EF7208571F83E55000E1824D /* CustomError.swift */ = {isa = PBXFileReference; lastKnownFileType = sourcecode.swift; path = CustomError.swift; sourceTree = "<group>"; };
		FDC629EA89652792E97A0073 /* Pods-Travelisto.debug.xcconfig */ = {isa = PBXFileReference; includeInIndex = 1; lastKnownFileType = text.xcconfig; name = "Pods-Travelisto.debug.xcconfig"; path = "Pods/Target Support Files/Pods-Travelisto/Pods-Travelisto.debug.xcconfig"; sourceTree = "<group>"; };
/* End PBXFileReference section */

/* Begin PBXFrameworksBuildPhase section */
		EF53C9731F795F35009A1DB8 /* Frameworks */ = {
			isa = PBXFrameworksBuildPhase;
			buildActionMask = 2147483647;
			files = (
				1A14D741113BFD837DB27AF4 /* Pods_Travelisto.framework in Frameworks */,
			);
			runOnlyForDeploymentPostprocessing = 0;
		};
/* End PBXFrameworksBuildPhase section */

/* Begin PBXGroup section */
		184B5E067B9726467ED675B0 /* Frameworks */ = {
			isa = PBXGroup;
			children = (
				E49E5941D13FCEBE2197F61A /* Pods_Travelisto.framework */,
			);
			name = Frameworks;
			sourceTree = "<group>";
		};
		4921899092502A842DE4EF85 /* Pods */ = {
			isa = PBXGroup;
			children = (
				FDC629EA89652792E97A0073 /* Pods-Travelisto.debug.xcconfig */,
				C4E22AF323C0F0A0B367ECD2 /* Pods-Travelisto.release.xcconfig */,
			);
			name = Pods;
			sourceTree = "<group>";
		};
		EF15236C1FFDCA4600ADAD1F /* Xib */ = {
			isa = PBXGroup;
			children = (
				EF15236D1FFDCA8200ADAD1F /* TutorialSlideView.swift */,
				EF15236F1FFDCA9F00ADAD1F /* TutorialSlideView.xib */,
			);
			path = Xib;
			sourceTree = "<group>";
		};
		EF1523711FFEC16600ADAD1F /* API */ = {
			isa = PBXGroup;
			children = (
				EF17F7461F7F0B1D00E7159A /* FlightAPISearchBy.swift */,
				EF17F7481F7F1EC700E7159A /* HotelAPISearchBy.swift */,
				EF17F74A1F7F216000E7159A /* CarAPISearchBy.swift */,
				EF17F74C1F7F23AD00E7159A /* POIAPISearchBy.swift */,
				EF156B991F9859D500924A89 /* RestuarantAPISearchBy.swift */,
			);
			path = API;
			sourceTree = "<group>";
		};
		EF1523721FFEC17B00ADAD1F /* Cells */ = {
			isa = PBXGroup;
			children = (
			);
			path = Cells;
			sourceTree = "<group>";
		};
		EF1523731FFEC18400ADAD1F /* Segue */ = {
			isa = PBXGroup;
			children = (
				EF1523BF20044A8600ADAD1F /* Segue.swift */,
			);
			path = Segue;
			sourceTree = "<group>";
		};
		EF1523741FFEC19100ADAD1F /* Sign In */ = {
			isa = PBXGroup;
			children = (
				EF1523751FFEC1C800ADAD1F /* SignInViewController.swift */,
				EF15237D1FFED1E700ADAD1F /* PasswordResetViewController.swift */,
				EF15237F1FFED3AB00ADAD1F /* CreateAccountViewController.swift */,
			);
			path = "Sign In";
			sourceTree = "<group>";
		};
		EF1523771FFEC1D500ADAD1F /* STORYBOARDS */ = {
			isa = PBXGroup;
			children = (
				EF3656CB207D2ED400B2AB3C /* Explore.storyboard */,
				EF3656CD207D2F3D00B2AB3C /* Search.storyboard */,
				EF3656CF207D2F8E00B2AB3C /* Trips.storyboard */,
				EF3656D1207D2FC300B2AB3C /* Settings.storyboard */,
				EF53C97D1F795F35009A1DB8 /* Main.storyboard */,
				EF1551E8207CF5BD008DAA89 /* TabBar.storyboard */,
			);
			path = STORYBOARDS;
			sourceTree = "<group>";
		};
		EF1523781FFEC23200ADAD1F /* CUSTOM */ = {
			isa = PBXGroup;
			children = (
				EF1523791FFEC43000ADAD1F /* CustomTextField.swift */,
				EF15237B1FFECD7000ADAD1F /* CustomButton.swift */,
			);
			path = CUSTOM;
			sourceTree = "<group>";
		};
		EF15579A1F96C70500B63F85 /* WIKIPEDIA */ = {
			isa = PBXGroup;
			children = (
			);
			path = WIKIPEDIA;
			sourceTree = "<group>";
		};
		EF156B941F98512600924A89 /* Restuarant */ = {
			isa = PBXGroup;
			children = (
				EF156B951F98514300924A89 /* RestuarantURL.swift */,
				EF156B971F98515500924A89 /* RestuarantReviewURL.swift */,
			);
			path = Restuarant;
			sourceTree = "<group>";
		};
		EF156B9F1F9A659200924A89 /* Models */ = {
			isa = PBXGroup;
			children = (
			);
			path = Models;
			sourceTree = "<group>";
		};
		EF156BA01F9A65A200924A89 /* Services */ = {
			isa = PBXGroup;
			children = (
				EF156BA11F9A65DD00924A89 /* AuthService.swift */,
			);
			path = Services;
			sourceTree = "<group>";
		};
		EF17CAD11F7BE6CD00E938AC /* MODELS */ = {
			isa = PBXGroup;
			children = (
				EF7208541F8298F800E1824D /* URL Builder */,
				EF17F7441F7F0AC600E7159A /* Enumerations */,
				EF17CADB1F7BFF5A00E938AC /* Error */,
				EF17CAD31F7BE6E600E938AC /* Firebase */,
				EF17CAD21F7BE6DA00E938AC /* API */,
			);
			path = MODELS;
			sourceTree = "<group>";
		};
		EF17CAD21F7BE6DA00E938AC /* API */ = {
			isa = PBXGroup;
			children = (
				EF15579A1F96C70500B63F85 /* WIKIPEDIA */,
				EF17F7411F7EFC1B00E7159A /* ZOMATO */,
				EF17F7401F7EFC0600E7159A /* GOOGLE PLACES */,
				EF17F73F1F7EFBF900E7159A /* AMADEUS */,
			);
			path = API;
			sourceTree = "<group>";
		};
		EF17CAD31F7BE6E600E938AC /* Firebase */ = {
			isa = PBXGroup;
			children = (
				EF156BA01F9A65A200924A89 /* Services */,
				EF156B9F1F9A659200924A89 /* Models */,
			);
			path = Firebase;
			sourceTree = "<group>";
		};
		EF17CAD41F7BE6F600E938AC /* NETWORK */ = {
			isa = PBXGroup;
			children = (
				EF17CAE61F7C036700E938AC /* Services */,
				EF17CAE41F7C033700E938AC /* Network Processors */,
			);
			path = NETWORK;
			sourceTree = "<group>";
		};
		EF17CAD71F7BFE2800E938AC /* Flight */ = {
			isa = PBXGroup;
			children = (
				EF17F7381F7EF25C00E7159A /* FlightIntelligence */,
				EF17CAEF1F7C599A00E938AC /* Destinations.swift */,
				EF17CAF11F7C702D00E938AC /* LowPriceFlight.swift */,
				EF17CAF51F7C8F0700E938AC /* Outbound.swift */,
				EF17F7421F7F087400E7159A /* NearestRelevantAirport.swift */,
				EF17CAF91F7C9D1F00E938AC /* Location.swift */,
				EF17CAF71F7C987800E938AC /* AirportAutoComplets.swift */,
				EF17CAF31F7C72B200E938AC /* Fare.swift */,
				EF17CAFB1F7C9E4200E938AC /* Coordinates.swift */,
			);
			path = Flight;
			sourceTree = "<group>";
		};
		EF17CAD81F7BFE3700E938AC /* Hotel */ = {
			isa = PBXGroup;
			children = (
				EF17CAFD1F7CB53000E938AC /* HotelAirports.swift */,
				EF17CAFF1F7D2E4C00E938AC /* Address.swift */,
				EF17F7241F7EABAA00E7159A /* Hotel.swift */,
				EF17F72A1F7EB69E00E7159A /* Amount.swift */,
			);
			path = Hotel;
			sourceTree = "<group>";
		};
		EF17CAD91F7BFE3F00E938AC /* Car */ = {
			isa = PBXGroup;
			children = (
				EF17F7261F7EB06C00E7159A /* CarRental.swift */,
				EF17F7341F7EBD7F00E7159A /* CarRentalGeosearch.swift */,
				EF17F72E1F7EBC3200E7159A /* Provider.swift */,
				EF17F7301F7EBC8B00E7159A /* VehicleInfo.swift */,
				EF17F7281F7EB36E00E7159A /* Car.swift */,
				EF17F7321F7EBCE900E7159A /* Rate.swift */,
				EF17F72C1F7EB7AC00E7159A /* Image.swift */,
			);
			path = Car;
			sourceTree = "<group>";
		};
		EF17CADA1F7BFE4700E938AC /* POI */ = {
			isa = PBXGroup;
			children = (
				EF17F7361F7EE39000E7159A /* PointsOfInterestResult.swift */,
			);
			path = POI;
			sourceTree = "<group>";
		};
		EF17CADB1F7BFF5A00E938AC /* Error */ = {
			isa = PBXGroup;
			children = (
				EF7208571F83E55000E1824D /* CustomError.swift */,
			);
			path = Error;
			sourceTree = "<group>";
		};
		EF17CAE41F7C033700E938AC /* Network Processors */ = {
			isa = PBXGroup;
			children = (
				EF17CAD51F7BE72600E938AC /* NetworkProcessor.swift */,
				EF17CADC1F7C02BA00E938AC /* FlightNetworkProcessor.swift */,
				EF17CADE1F7C02D800E938AC /* CarNetworkProcessor.swift */,
				EF17CAE01F7C02EA00E938AC /* HotelNetworkProcessor.swift */,
				EF17CAE21F7C030E00E938AC /* PointsOfInterestNetworkProcessor.swift */,
				EF156B9B1F985AD300924A89 /* RestuarantProcessor.swift */,
			);
			path = "Network Processors";
			sourceTree = "<group>";
		};
		EF17CAE61F7C036700E938AC /* Services */ = {
			isa = PBXGroup;
			children = (
				EF17CAE71F7C0BA300E938AC /* FlightService.swift */,
				EF17CAE91F7C0BFD00E938AC /* CarService.swift */,
				EF17CAEB1F7C0C3900E938AC /* HotelService.swift */,
				EF17CAED1F7C0C5400E938AC /* PointsOfInterestService.swift */,
				EF156B9D1F985EBB00924A89 /* RestuarantService.swift */,
			);
			path = Services;
			sourceTree = "<group>";
		};
		EF17F7381F7EF25C00E7159A /* FlightIntelligence */ = {
			isa = PBXGroup;
			children = (
				EF17F7391F7EF34800E7159A /* TopFlights.swift */,
				EF17F73B1F7EF48900E7159A /* TopFlightDestination.swift */,
				EF17F73D1F7EFB0400E7159A /* FlightTraffic.swift */,
			);
			path = FlightIntelligence;
			sourceTree = "<group>";
		};
		EF17F73F1F7EFBF900E7159A /* AMADEUS */ = {
			isa = PBXGroup;
			children = (
				EF17CADA1F7BFE4700E938AC /* POI */,
				EF17CAD91F7BFE3F00E938AC /* Car */,
				EF17CAD81F7BFE3700E938AC /* Hotel */,
				EF17CAD71F7BFE2800E938AC /* Flight */,
			);
			path = AMADEUS;
			sourceTree = "<group>";
		};
		EF17F7401F7EFC0600E7159A /* GOOGLE PLACES */ = {
			isa = PBXGroup;
			children = (
			);
			path = "GOOGLE PLACES";
			sourceTree = "<group>";
		};
		EF17F7411F7EFC1B00E7159A /* ZOMATO */ = {
			isa = PBXGroup;
			children = (
				EF156B8C1F97C49B00924A89 /* RestuarantSearch.swift */,
				EF156B8E1F97C60800924A89 /* Restuarant.swift */,
				EF156B901F98153E00924A89 /* ReviewResult.swift */,
				EF156B921F98174400924A89 /* Review.swift */,
			);
			path = ZOMATO;
			sourceTree = "<group>";
		};
		EF17F7441F7F0AC600E7159A /* Enumerations */ = {
			isa = PBXGroup;
			children = (
				EF1523731FFEC18400ADAD1F /* Segue */,
				EF1523721FFEC17B00ADAD1F /* Cells */,
				EF1523711FFEC16600ADAD1F /* API */,
			);
			path = Enumerations;
			sourceTree = "<group>";
		};
		EF1C9F3F1FFDAB47008084FE /* ONBOARDING */ = {
			isa = PBXGroup;
			children = (
				EF1523741FFEC19100ADAD1F /* Sign In */,
				EF1C9F401FFDAB62008084FE /* Tutorial */,
			);
			path = ONBOARDING;
			sourceTree = "<group>";
		};
		EF1C9F401FFDAB62008084FE /* Tutorial */ = {
			isa = PBXGroup;
			children = (
				EF15236C1FFDCA4600ADAD1F /* Xib */,
				EF1C9F411FFDB8B9008084FE /* TutorialViewController.swift */,
			);
			path = Tutorial;
			sourceTree = "<group>";
		};
		EF1C9F431FFDBDC9008084FE /* Fonts */ = {
			isa = PBXGroup;
			children = (
				EF1523681FFDC08B00ADAD1F /* SanFranciscoDisplay-Black.otf */,
				EF1523551FFDC08800ADAD1F /* SanFranciscoDisplay-Bold.otf */,
				EF1523631FFDC08A00ADAD1F /* SanFranciscoDisplay-Heavy.otf */,
				EF15235C1FFDC08900ADAD1F /* SanFranciscoDisplay-Light.otf */,
				EF1523541FFDC08800ADAD1F /* SanFranciscoDisplay-Medium.otf */,
				EF1523601FFDC08A00ADAD1F /* SanFranciscoDisplay-Regular.otf */,
				EF1523611FFDC08A00ADAD1F /* SanFranciscoDisplay-Semibold.otf */,
				EF1523581FFDC08900ADAD1F /* SanFranciscoDisplay-Thin.otf */,
				EF1523621FFDC08A00ADAD1F /* SanFranciscoDisplay-Ultralight.otf */,
				EF15235D1FFDC08900ADAD1F /* SanFranciscoText-Bold.otf */,
				EF1523571FFDC08900ADAD1F /* SanFranciscoText-BoldItalic.otf */,
				EF15235A1FFDC08900ADAD1F /* SanFranciscoText-Heavy.otf */,
				EF1523561FFDC08800ADAD1F /* SanFranciscoText-HeavyItalic.otf */,
				EF15235B1FFDC08900ADAD1F /* SanFranciscoText-Light.otf */,
				EF1523641FFDC08A00ADAD1F /* SanFranciscoText-LightItalic.otf */,
				EF15235E1FFDC08A00ADAD1F /* SanFranciscoText-Medium.otf */,
				EF1523651FFDC08B00ADAD1F /* SanFranciscoText-MediumItalic.otf */,
				EF1523671FFDC08B00ADAD1F /* SanFranciscoText-Regular.otf */,
				EF1523591FFDC08900ADAD1F /* SanFranciscoText-RegularItalic.otf */,
				EF15235F1FFDC08A00ADAD1F /* SanFranciscoText-Semibold.otf */,
				EF1523661FFDC08B00ADAD1F /* SanFranciscoText-SemiboldItalic.otf */,
			);
			path = Fonts;
			sourceTree = "<group>";
		};
		EF3656CA207D2EA300B2AB3C /* EXPLORE */ = {
			isa = PBXGroup;
			children = (
			);
			path = EXPLORE;
			sourceTree = "<group>";
		};
		EF3656D3207D31EF00B2AB3C /* SEARCH */ = {
			isa = PBXGroup;
			children = (
				EF3656D6207D326300B2AB3C /* SearchTableViewController.swift */,
				EF3656D8207D424C00B2AB3C /* FLIGHT SUGGESTION */,
				EF3656DB207D46B000B2AB3C /* HOTEL SUGGESTION */,
			);
			path = SEARCH;
			sourceTree = "<group>";
		};
		EF3656D4207D320E00B2AB3C /* TRIPS */ = {
			isa = PBXGroup;
			children = (
			);
			path = TRIPS;
			sourceTree = "<group>";
		};
		EF3656D5207D322500B2AB3C /* SETTINGS */ = {
			isa = PBXGroup;
			children = (
			);
			path = SETTINGS;
			sourceTree = "<group>";
		};
		EF3656D8207D424C00B2AB3C /* FLIGHT SUGGESTION */ = {
			isa = PBXGroup;
			children = (
				EF3656D9207D429600B2AB3C /* FlightSuggestionTVC.swift */,
				EF3656DF207D845400B2AB3C /* FlightSuggestionCell.swift */,
				EF3656DE207D841800B2AB3C /* Popular Destination Cell */,
				EF3656E3207D856500B2AB3C /* Deals */,
			);
			path = "FLIGHT SUGGESTION";
			sourceTree = "<group>";
		};
		EF3656DB207D46B000B2AB3C /* HOTEL SUGGESTION */ = {
			isa = PBXGroup;
			children = (
				EF3656DC207D46DD00B2AB3C /* HotelSuggestionTVC.swift */,
			);
			path = "HOTEL SUGGESTION";
			sourceTree = "<group>";
		};
		EF3656DE207D841800B2AB3C /* Popular Destination Cell */ = {
			isa = PBXGroup;
			children = (
				EF3656E1207D850500B2AB3C /* PopularDestinationTVCell.swift */,
				EF3656E6207DAC4F00B2AB3C /* PopularDestinationCVCell.swift */,
			);
			path = "Popular Destination Cell";
			sourceTree = "<group>";
		};
		EF3656E3207D856500B2AB3C /* Deals */ = {
			isa = PBXGroup;
			children = (
				EF3656E4207D85A000B2AB3C /* DealsTVCell.swift */,
				EF3656E8207DB2F300B2AB3C /* DealsCVCell.swift */,
			);
			path = Deals;
			sourceTree = "<group>";
		};
		EF43F8A01F90264D008A1040 /* Airport URL */ = {
			isa = PBXGroup;
			children = (
				EF7208551F82992100E1824D /* LowFareURL.swift */,
				EF43F89A1F8E3975008A1040 /* InspirationURL.swift */,
				EF43F89C1F8FF070008A1040 /* AirportAutoCompleteURL.swift */,
				EF43F89E1F8FF461008A1040 /* AirportAreaURL.swift */,
			);
			path = "Airport URL";
			sourceTree = "<group>";
		};
		EF43F8A11F902673008A1040 /* Hotel URL */ = {
			isa = PBXGroup;
			children = (
				EF43F8A21F9026F1008A1040 /* HotelURL.swift */,
			);
			path = "Hotel URL";
			sourceTree = "<group>";
		};
		EF43F8A41F9049D6008A1040 /* Car URL */ = {
			isa = PBXGroup;
			children = (
				EF43F8A51F904A70008A1040 /* CarURL.swift */,
			);
			path = "Car URL";
			sourceTree = "<group>";
		};
		EF43F8A81F905880008A1040 /* POI URL */ = {
			isa = PBXGroup;
			children = (
				EF43F8A91F9058AF008A1040 /* PointOfInterestURL.swift */,
			);
			path = "POI URL";
			sourceTree = "<group>";
		};
		EF53C96D1F795F35009A1DB8 = {
			isa = PBXGroup;
			children = (
				EF53C9781F795F35009A1DB8 /* Travelisto */,
				EF53C9771F795F35009A1DB8 /* Products */,
				4921899092502A842DE4EF85 /* Pods */,
				EF1C9F431FFDBDC9008084FE /* Fonts */,
				184B5E067B9726467ED675B0 /* Frameworks */,
			);
			sourceTree = "<group>";
		};
		EF53C9771F795F35009A1DB8 /* Products */ = {
			isa = PBXGroup;
			children = (
				EF53C9761F795F35009A1DB8 /* Travelisto.app */,
			);
			name = Products;
			sourceTree = "<group>";
		};
		EF53C9781F795F35009A1DB8 /* Travelisto */ = {
			isa = PBXGroup;
			children = (
				EF1C9F3F1FFDAB47008084FE /* ONBOARDING */,
				EF1523771FFEC1D500ADAD1F /* STORYBOARDS */,
				EF3656CA207D2EA300B2AB3C /* EXPLORE */,
				EF3656D3207D31EF00B2AB3C /* SEARCH */,
				EF3656D4207D320E00B2AB3C /* TRIPS */,
				EF3656D5207D322500B2AB3C /* SETTINGS */,
				EF1523781FFEC23200ADAD1F /* CUSTOM */,
				EF17CAD41F7BE6F600E938AC /* NETWORK */,
				EF17CAD11F7BE6CD00E938AC /* MODELS */,
				EF53C9791F795F35009A1DB8 /* AppDelegate.swift */,
				EF53C9801F795F35009A1DB8 /* Assets.xcassets */,
				EF53C9821F795F35009A1DB8 /* LaunchScreen.storyboard */,
				EF156BA51F9A765F00924A89 /* GoogleService-Info.plist */,
				EF53C9851F795F35009A1DB8 /* Info.plist */,
			);
			path = Travelisto;
			sourceTree = "<group>";
		};
		EF7208541F8298F800E1824D /* URL Builder */ = {
			isa = PBXGroup;
			children = (
				EF43F8981F8DD21D008A1040 /* BaseURL.swift */,
				EF156B941F98512600924A89 /* Restuarant */,
				EF43F8A81F905880008A1040 /* POI URL */,
				EF43F8A41F9049D6008A1040 /* Car URL */,
				EF43F8A11F902673008A1040 /* Hotel URL */,
				EF43F8A01F90264D008A1040 /* Airport URL */,
			);
			path = "URL Builder";
			sourceTree = "<group>";
		};
/* End PBXGroup section */

/* Begin PBXNativeTarget section */
		EF53C9751F795F35009A1DB8 /* Travelisto */ = {
			isa = PBXNativeTarget;
			buildConfigurationList = EF53C9881F795F35009A1DB8 /* Build configuration list for PBXNativeTarget "Travelisto" */;
			buildPhases = (
				3891675D9DF2237E5B881D34 /* [CP] Check Pods Manifest.lock */,
				EF53C9721F795F35009A1DB8 /* Sources */,
				EF53C9731F795F35009A1DB8 /* Frameworks */,
				EF53C9741F795F35009A1DB8 /* Resources */,
				B763571ABAECA4C628361487 /* [CP] Embed Pods Frameworks */,
				B62FDAA8F6A4B5DBD8A50132 /* [CP] Copy Pods Resources */,
				EF156BA41F9A764C00924A89 /* CopyFiles */,
			);
			buildRules = (
			);
			dependencies = (
			);
			name = Travelisto;
			productName = Travelisto;
			productReference = EF53C9761F795F35009A1DB8 /* Travelisto.app */;
			productType = "com.apple.product-type.application";
		};
/* End PBXNativeTarget section */

/* Begin PBXProject section */
		EF53C96E1F795F35009A1DB8 /* Project object */ = {
			isa = PBXProject;
			attributes = {
				LastSwiftUpdateCheck = 0900;
				LastUpgradeCheck = 0900;
				ORGANIZATIONNAME = "Chidi Emeh";
				TargetAttributes = {
					EF53C9751F795F35009A1DB8 = {
						CreatedOnToolsVersion = 9.0;
						ProvisioningStyle = Automatic;
					};
				};
			};
			buildConfigurationList = EF53C9711F795F35009A1DB8 /* Build configuration list for PBXProject "Travelisto" */;
			compatibilityVersion = "Xcode 8.0";
			developmentRegion = en;
			hasScannedForEncodings = 0;
			knownRegions = (
				en,
				Base,
			);
			mainGroup = EF53C96D1F795F35009A1DB8;
			productRefGroup = EF53C9771F795F35009A1DB8 /* Products */;
			projectDirPath = "";
			projectRoot = "";
			targets = (
				EF53C9751F795F35009A1DB8 /* Travelisto */,
			);
		};
/* End PBXProject section */

/* Begin PBXResourcesBuildPhase section */
		EF53C9741F795F35009A1DB8 /* Resources */ = {
			isa = PBXResourcesBuildPhase;
			buildActionMask = 2147483647;
			files = (
				EF3656D0207D2F8E00B2AB3C /* Trips.storyboard in Resources */,
				EF1523691FFDC19600ADAD1F /* SanFranciscoText-Regular.otf in Resources */,
				EF53C9841F795F35009A1DB8 /* LaunchScreen.storyboard in Resources */,
				EF53C9811F795F35009A1DB8 /* Assets.xcassets in Resources */,
				EF3656CC207D2ED400B2AB3C /* Explore.storyboard in Resources */,
				EF1523701FFDCA9F00ADAD1F /* TutorialSlideView.xib in Resources */,
				EF1551E9207CF5BD008DAA89 /* TabBar.storyboard in Resources */,
				EF3656CE207D2F3D00B2AB3C /* Search.storyboard in Resources */,
				EF53C97F1F795F35009A1DB8 /* Main.storyboard in Resources */,
				EF3656D2207D2FC300B2AB3C /* Settings.storyboard in Resources */,
			);
			runOnlyForDeploymentPostprocessing = 0;
		};
/* End PBXResourcesBuildPhase section */

/* Begin PBXShellScriptBuildPhase section */
		3891675D9DF2237E5B881D34 /* [CP] Check Pods Manifest.lock */ = {
			isa = PBXShellScriptBuildPhase;
			buildActionMask = 2147483647;
			files = (
			);
			inputPaths = (
				"${PODS_PODFILE_DIR_PATH}/Podfile.lock",
				"${PODS_ROOT}/Manifest.lock",
			);
			name = "[CP] Check Pods Manifest.lock";
			outputPaths = (
				"$(DERIVED_FILE_DIR)/Pods-Travelisto-checkManifestLockResult.txt",
			);
			runOnlyForDeploymentPostprocessing = 0;
			shellPath = /bin/sh;
			shellScript = "diff \"${PODS_PODFILE_DIR_PATH}/Podfile.lock\" \"${PODS_ROOT}/Manifest.lock\" > /dev/null\nif [ $? != 0 ] ; then\n    # print error to STDERR\n    echo \"error: The sandbox is not in sync with the Podfile.lock. Run 'pod install' or update your CocoaPods installation.\" >&2\n    exit 1\nfi\n# This output is used by Xcode 'outputs' to avoid re-running this script phase.\necho \"SUCCESS\" > \"${SCRIPT_OUTPUT_FILE_0}\"\n";
			showEnvVarsInLog = 0;
		};
		B62FDAA8F6A4B5DBD8A50132 /* [CP] Copy Pods Resources */ = {
			isa = PBXShellScriptBuildPhase;
			buildActionMask = 2147483647;
			files = (
			);
			inputPaths = (
			);
			name = "[CP] Copy Pods Resources";
			outputPaths = (
			);
			runOnlyForDeploymentPostprocessing = 0;
			shellPath = /bin/sh;
			shellScript = "\"${SRCROOT}/Pods/Target Support Files/Pods-Travelisto/Pods-Travelisto-resources.sh\"\n";
			showEnvVarsInLog = 0;
		};
		B763571ABAECA4C628361487 /* [CP] Embed Pods Frameworks */ = {
			isa = PBXShellScriptBuildPhase;
			buildActionMask = 2147483647;
			files = (
			);
			inputPaths = (
				"${SRCROOT}/Pods/Target Support Files/Pods-Travelisto/Pods-Travelisto-frameworks.sh",
				"${BUILT_PRODUCTS_DIR}/GTMSessionFetcher/GTMSessionFetcher.framework",
				"${BUILT_PRODUCTS_DIR}/GoogleToolboxForMac/GoogleToolboxForMac.framework",
				"${BUILT_PRODUCTS_DIR}/leveldb-library/leveldb.framework",
				"${BUILT_PRODUCTS_DIR}/nanopb/nanopb.framework",
			);
			name = "[CP] Embed Pods Frameworks";
			outputPaths = (
				"${TARGET_BUILD_DIR}/${FRAMEWORKS_FOLDER_PATH}/GTMSessionFetcher.framework",
				"${TARGET_BUILD_DIR}/${FRAMEWORKS_FOLDER_PATH}/GoogleToolboxForMac.framework",
				"${TARGET_BUILD_DIR}/${FRAMEWORKS_FOLDER_PATH}/leveldb.framework",
				"${TARGET_BUILD_DIR}/${FRAMEWORKS_FOLDER_PATH}/nanopb.framework",
			);
			runOnlyForDeploymentPostprocessing = 0;
			shellPath = /bin/sh;
			shellScript = "\"${SRCROOT}/Pods/Target Support Files/Pods-Travelisto/Pods-Travelisto-frameworks.sh\"\n";
			showEnvVarsInLog = 0;
		};
/* End PBXShellScriptBuildPhase section */

/* Begin PBXSourcesBuildPhase section */
		EF53C9721F795F35009A1DB8 /* Sources */ = {
			isa = PBXSourcesBuildPhase;
			buildActionMask = 2147483647;
			files = (
				EF156B8D1F97C49B00924A89 /* RestuarantSearch.swift in Sources */,
				EF156B8F1F97C60800924A89 /* Restuarant.swift in Sources */,
				EF7208561F82992100E1824D /* LowFareURL.swift in Sources */,
				EF17CAE11F7C02EA00E938AC /* HotelNetworkProcessor.swift in Sources */,
				EF17F7471F7F0B1D00E7159A /* FlightAPISearchBy.swift in Sources */,
				EF156B9C1F985AD300924A89 /* RestuarantProcessor.swift in Sources */,
				EF156BA21F9A65DE00924A89 /* AuthService.swift in Sources */,
				EF17CAD61F7BE72600E938AC /* NetworkProcessor.swift in Sources */,
				EF17CAF01F7C599A00E938AC /* Destinations.swift in Sources */,
				EF17CAE31F7C030E00E938AC /* PointsOfInterestNetworkProcessor.swift in Sources */,
				EF3656E2207D850500B2AB3C /* PopularDestinationTVCell.swift in Sources */,
				EF17CAFA1F7C9D1F00E938AC /* Location.swift in Sources */,
				EF17F7251F7EABAA00E7159A /* Hotel.swift in Sources */,
				EF53C97A1F795F35009A1DB8 /* AppDelegate.swift in Sources */,
				EF17F73C1F7EF48900E7159A /* TopFlightDestination.swift in Sources */,
				EF17F74D1F7F23AD00E7159A /* POIAPISearchBy.swift in Sources */,
				EF1C9F421FFDB8B9008084FE /* TutorialViewController.swift in Sources */,
				EF15236E1FFDCA8200ADAD1F /* TutorialSlideView.swift in Sources */,
				EF17CAE81F7C0BA300E938AC /* FlightService.swift in Sources */,
				EF17CAF81F7C987800E938AC /* AirportAutoComplets.swift in Sources */,
				EF17CAEA1F7C0BFD00E938AC /* CarService.swift in Sources */,
				EF17F72B1F7EB69E00E7159A /* Amount.swift in Sources */,
				EF3656E9207DB2F300B2AB3C /* DealsCVCell.swift in Sources */,
				EF17CAEE1F7C0C5400E938AC /* PointsOfInterestService.swift in Sources */,
				EF17CAF21F7C702D00E938AC /* LowPriceFlight.swift in Sources */,
				EF156B911F98153E00924A89 /* ReviewResult.swift in Sources */,
				EF15237C1FFECD7000ADAD1F /* CustomButton.swift in Sources */,
				EF43F8A61F904A70008A1040 /* CarURL.swift in Sources */,
				EF43F8AA1F9058AF008A1040 /* PointOfInterestURL.swift in Sources */,
				EF3656DA207D429600B2AB3C /* FlightSuggestionTVC.swift in Sources */,
				EF3656DD207D46DD00B2AB3C /* HotelSuggestionTVC.swift in Sources */,
				EF17F73E1F7EFB0400E7159A /* FlightTraffic.swift in Sources */,
				EF17CADD1F7C02BA00E938AC /* FlightNetworkProcessor.swift in Sources */,
				EF43F8991F8DD21D008A1040 /* BaseURL.swift in Sources */,
				EF17F7271F7EB06C00E7159A /* CarRental.swift in Sources */,
				EF1523C020044A8600ADAD1F /* Segue.swift in Sources */,
				EF43F89B1F8E3975008A1040 /* InspirationURL.swift in Sources */,
				EF17CAFE1F7CB53000E938AC /* HotelAirports.swift in Sources */,
				EF17F7331F7EBCE900E7159A /* Rate.swift in Sources */,
				EF17CB001F7D2E4C00E938AC /* Address.swift in Sources */,
				EF15237E1FFED1E700ADAD1F /* PasswordResetViewController.swift in Sources */,
				EF17F7291F7EB36E00E7159A /* Car.swift in Sources */,
				EF43F8A31F9026F1008A1040 /* HotelURL.swift in Sources */,
				EF7208581F83E55000E1824D /* CustomError.swift in Sources */,
				EF156B961F98514300924A89 /* RestuarantURL.swift in Sources */,
				EF17F7351F7EBD7F00E7159A /* CarRentalGeosearch.swift in Sources */,
				EF156B9A1F9859D500924A89 /* RestuarantAPISearchBy.swift in Sources */,
				EF1523801FFED3AB00ADAD1F /* CreateAccountViewController.swift in Sources */,
				EF17F7491F7F1EC700E7159A /* HotelAPISearchBy.swift in Sources */,
				EF17CAF41F7C72B200E938AC /* Fare.swift in Sources */,
				EF43F89D1F8FF070008A1040 /* AirportAutoCompleteURL.swift in Sources */,
				EF156B981F98515500924A89 /* RestuarantReviewURL.swift in Sources */,
				EF3656E7207DAC4F00B2AB3C /* PopularDestinationCVCell.swift in Sources */,
				EF15237A1FFEC43000ADAD1F /* CustomTextField.swift in Sources */,
				EF43F89F1F8FF461008A1040 /* AirportAreaURL.swift in Sources */,
				EF17F7371F7EE39000E7159A /* PointsOfInterestResult.swift in Sources */,
				EF17CAEC1F7C0C3900E938AC /* HotelService.swift in Sources */,
				EF1523761FFEC1C800ADAD1F /* SignInViewController.swift in Sources */,
				EF3656E0207D845400B2AB3C /* FlightSuggestionCell.swift in Sources */,
				EF17F7311F7EBC8B00E7159A /* VehicleInfo.swift in Sources */,
				EF17CAFC1F7C9E4200E938AC /* Coordinates.swift in Sources */,
				EF17F73A1F7EF34800E7159A /* TopFlights.swift in Sources */,
				EF17F7431F7F087400E7159A /* NearestRelevantAirport.swift in Sources */,
				EF3656E5207D85A000B2AB3C /* DealsTVCell.swift in Sources */,
				EF17F72F1F7EBC3200E7159A /* Provider.swift in Sources */,
				EF17CADF1F7C02D800E938AC /* CarNetworkProcessor.swift in Sources */,
				EF156B931F98174400924A89 /* Review.swift in Sources */,
				EF156B9E1F985EBB00924A89 /* RestuarantService.swift in Sources */,
				EF17CAF61F7C8F0700E938AC /* Outbound.swift in Sources */,
				EF3656D7207D326300B2AB3C /* SearchTableViewController.swift in Sources */,
				EF17F72D1F7EB7AC00E7159A /* Image.swift in Sources */,
				EF17F74B1F7F216000E7159A /* CarAPISearchBy.swift in Sources */,
			);
			runOnlyForDeploymentPostprocessing = 0;
		};
/* End PBXSourcesBuildPhase section */

/* Begin PBXVariantGroup section */
		EF53C97D1F795F35009A1DB8 /* Main.storyboard */ = {
			isa = PBXVariantGroup;
			children = (
				EF53C97E1F795F35009A1DB8 /* Base */,
			);
			name = Main.storyboard;
			sourceTree = "<group>";
		};
		EF53C9821F795F35009A1DB8 /* LaunchScreen.storyboard */ = {
			isa = PBXVariantGroup;
			children = (
				EF53C9831F795F35009A1DB8 /* Base */,
			);
			name = LaunchScreen.storyboard;
			sourceTree = "<group>";
		};
/* End PBXVariantGroup section */

/* Begin XCBuildConfiguration section */
		EF53C9861F795F35009A1DB8 /* Debug */ = {
			isa = XCBuildConfiguration;
			buildSettings = {
				ALWAYS_SEARCH_USER_PATHS = NO;
				CLANG_ANALYZER_NONNULL = YES;
				CLANG_ANALYZER_NUMBER_OBJECT_CONVERSION = YES_AGGRESSIVE;
				CLANG_CXX_LANGUAGE_STANDARD = "gnu++14";
				CLANG_CXX_LIBRARY = "libc++";
				CLANG_ENABLE_MODULES = YES;
				CLANG_ENABLE_OBJC_ARC = YES;
				CLANG_WARN_BLOCK_CAPTURE_AUTORELEASING = YES;
				CLANG_WARN_BOOL_CONVERSION = YES;
				CLANG_WARN_COMMA = YES;
				CLANG_WARN_CONSTANT_CONVERSION = YES;
				CLANG_WARN_DIRECT_OBJC_ISA_USAGE = YES_ERROR;
				CLANG_WARN_DOCUMENTATION_COMMENTS = YES;
				CLANG_WARN_EMPTY_BODY = YES;
				CLANG_WARN_ENUM_CONVERSION = YES;
				CLANG_WARN_INFINITE_RECURSION = YES;
				CLANG_WARN_INT_CONVERSION = YES;
				CLANG_WARN_NON_LITERAL_NULL_CONVERSION = YES;
				CLANG_WARN_OBJC_LITERAL_CONVERSION = YES;
				CLANG_WARN_OBJC_ROOT_CLASS = YES_ERROR;
				CLANG_WARN_RANGE_LOOP_ANALYSIS = YES;
				CLANG_WARN_STRICT_PROTOTYPES = YES;
				CLANG_WARN_SUSPICIOUS_MOVE = YES;
				CLANG_WARN_UNGUARDED_AVAILABILITY = YES_AGGRESSIVE;
				CLANG_WARN_UNREACHABLE_CODE = YES;
				CLANG_WARN__DUPLICATE_METHOD_MATCH = YES;
				CODE_SIGN_IDENTITY = "iPhone Developer";
				COPY_PHASE_STRIP = NO;
				DEBUG_INFORMATION_FORMAT = dwarf;
				ENABLE_STRICT_OBJC_MSGSEND = YES;
				ENABLE_TESTABILITY = YES;
				GCC_C_LANGUAGE_STANDARD = gnu11;
				GCC_DYNAMIC_NO_PIC = NO;
				GCC_NO_COMMON_BLOCKS = YES;
				GCC_OPTIMIZATION_LEVEL = 0;
				GCC_PREPROCESSOR_DEFINITIONS = (
					"DEBUG=1",
					"$(inherited)",
				);
				GCC_WARN_64_TO_32_BIT_CONVERSION = YES;
				GCC_WARN_ABOUT_RETURN_TYPE = YES_ERROR;
				GCC_WARN_UNDECLARED_SELECTOR = YES;
				GCC_WARN_UNINITIALIZED_AUTOS = YES_AGGRESSIVE;
				GCC_WARN_UNUSED_FUNCTION = YES;
				GCC_WARN_UNUSED_VARIABLE = YES;
				IPHONEOS_DEPLOYMENT_TARGET = 11.0;
				MTL_ENABLE_DEBUG_INFO = YES;
				ONLY_ACTIVE_ARCH = YES;
				SDKROOT = iphoneos;
				SWIFT_ACTIVE_COMPILATION_CONDITIONS = DEBUG;
				SWIFT_OPTIMIZATION_LEVEL = "-Onone";
			};
			name = Debug;
		};
		EF53C9871F795F35009A1DB8 /* Release */ = {
			isa = XCBuildConfiguration;
			buildSettings = {
				ALWAYS_SEARCH_USER_PATHS = NO;
				CLANG_ANALYZER_NONNULL = YES;
				CLANG_ANALYZER_NUMBER_OBJECT_CONVERSION = YES_AGGRESSIVE;
				CLANG_CXX_LANGUAGE_STANDARD = "gnu++14";
				CLANG_CXX_LIBRARY = "libc++";
				CLANG_ENABLE_MODULES = YES;
				CLANG_ENABLE_OBJC_ARC = YES;
				CLANG_WARN_BLOCK_CAPTURE_AUTORELEASING = YES;
				CLANG_WARN_BOOL_CONVERSION = YES;
				CLANG_WARN_COMMA = YES;
				CLANG_WARN_CONSTANT_CONVERSION = YES;
				CLANG_WARN_DIRECT_OBJC_ISA_USAGE = YES_ERROR;
				CLANG_WARN_DOCUMENTATION_COMMENTS = YES;
				CLANG_WARN_EMPTY_BODY = YES;
				CLANG_WARN_ENUM_CONVERSION = YES;
				CLANG_WARN_INFINITE_RECURSION = YES;
				CLANG_WARN_INT_CONVERSION = YES;
				CLANG_WARN_NON_LITERAL_NULL_CONVERSION = YES;
				CLANG_WARN_OBJC_LITERAL_CONVERSION = YES;
				CLANG_WARN_OBJC_ROOT_CLASS = YES_ERROR;
				CLANG_WARN_RANGE_LOOP_ANALYSIS = YES;
				CLANG_WARN_STRICT_PROTOTYPES = YES;
				CLANG_WARN_SUSPICIOUS_MOVE = YES;
				CLANG_WARN_UNGUARDED_AVAILABILITY = YES_AGGRESSIVE;
				CLANG_WARN_UNREACHABLE_CODE = YES;
				CLANG_WARN__DUPLICATE_METHOD_MATCH = YES;
				CODE_SIGN_IDENTITY = "iPhone Developer";
				COPY_PHASE_STRIP = NO;
				DEBUG_INFORMATION_FORMAT = "dwarf-with-dsym";
				ENABLE_NS_ASSERTIONS = NO;
				ENABLE_STRICT_OBJC_MSGSEND = YES;
				GCC_C_LANGUAGE_STANDARD = gnu11;
				GCC_NO_COMMON_BLOCKS = YES;
				GCC_WARN_64_TO_32_BIT_CONVERSION = YES;
				GCC_WARN_ABOUT_RETURN_TYPE = YES_ERROR;
				GCC_WARN_UNDECLARED_SELECTOR = YES;
				GCC_WARN_UNINITIALIZED_AUTOS = YES_AGGRESSIVE;
				GCC_WARN_UNUSED_FUNCTION = YES;
				GCC_WARN_UNUSED_VARIABLE = YES;
				IPHONEOS_DEPLOYMENT_TARGET = 11.0;
				MTL_ENABLE_DEBUG_INFO = NO;
				SDKROOT = iphoneos;
				SWIFT_OPTIMIZATION_LEVEL = "-Owholemodule";
				VALIDATE_PRODUCT = YES;
			};
			name = Release;
		};
		EF53C9891F795F35009A1DB8 /* Debug */ = {
			isa = XCBuildConfiguration;
			baseConfigurationReference = FDC629EA89652792E97A0073 /* Pods-Travelisto.debug.xcconfig */;
			buildSettings = {
				ASSETCATALOG_COMPILER_APPICON_NAME = AppIcon;
				CODE_SIGN_STYLE = Automatic;
				DEVELOPMENT_TEAM = 8V82X98L5Q;
				INFOPLIST_FILE = Travelisto/Info.plist;
				IPHONEOS_DEPLOYMENT_TARGET = 11.0;
				LD_RUNPATH_SEARCH_PATHS = "$(inherited) @executable_path/Frameworks";
				PRODUCT_BUNDLE_IDENTIFIER = com.gmail.chidiemeh184.Travelisto;
				PRODUCT_NAME = "$(TARGET_NAME)";
				SWIFT_VERSION = 4.0;
				TARGETED_DEVICE_FAMILY = "1,2";
			};
			name = Debug;
		};
		EF53C98A1F795F35009A1DB8 /* Release */ = {
			isa = XCBuildConfiguration;
			baseConfigurationReference = C4E22AF323C0F0A0B367ECD2 /* Pods-Travelisto.release.xcconfig */;
			buildSettings = {
				ASSETCATALOG_COMPILER_APPICON_NAME = AppIcon;
				CODE_SIGN_STYLE = Automatic;
				DEVELOPMENT_TEAM = 8V82X98L5Q;
				INFOPLIST_FILE = Travelisto/Info.plist;
				IPHONEOS_DEPLOYMENT_TARGET = 11.0;
				LD_RUNPATH_SEARCH_PATHS = "$(inherited) @executable_path/Frameworks";
				PRODUCT_BUNDLE_IDENTIFIER = com.gmail.chidiemeh184.Travelisto;
				PRODUCT_NAME = "$(TARGET_NAME)";
				SWIFT_VERSION = 4.0;
				TARGETED_DEVICE_FAMILY = "1,2";
			};
			name = Release;
		};
/* End XCBuildConfiguration section */

/* Begin XCConfigurationList section */
		EF53C9711F795F35009A1DB8 /* Build configuration list for PBXProject "Travelisto" */ = {
			isa = XCConfigurationList;
			buildConfigurations = (
				EF53C9861F795F35009A1DB8 /* Debug */,
				EF53C9871F795F35009A1DB8 /* Release */,
			);
			defaultConfigurationIsVisible = 0;
			defaultConfigurationName = Release;
		};
		EF53C9881F795F35009A1DB8 /* Build configuration list for PBXNativeTarget "Travelisto" */ = {
			isa = XCConfigurationList;
			buildConfigurations = (
				EF53C9891F795F35009A1DB8 /* Debug */,
				EF53C98A1F795F35009A1DB8 /* Release */,
			);
			defaultConfigurationIsVisible = 0;
			defaultConfigurationName = Release;
		};
/* End XCConfigurationList section */
	};
	rootObject = EF53C96E1F795F35009A1DB8 /* Project object */;
}
